// !$*UTF8*$!
{
	archiveVersion = 1;
	classes = {
	};
	objectVersion = 52;
	objects = {

/* Begin PBXBuildFile section */
		465015302393192200A8FAE5 /* ImagePicker.swift in Sources */ = {isa = PBXBuildFile; fileRef = 4650152F2393192200A8FAE5 /* ImagePicker.swift */; };
		46649E1F2381BB3F00755042 /* PicScapeListView.swift in Sources */ = {isa = PBXBuildFile; fileRef = 46649E1E2381BB3F00755042 /* PicScapeListView.swift */; };
		46649E272381E18300755042 /* PicScapeNewView.swift in Sources */ = {isa = PBXBuildFile; fileRef = 46649E262381E18200755042 /* PicScapeNewView.swift */; };
		46649E292381E5AF00755042 /* PictureModel.swift in Sources */ = {isa = PBXBuildFile; fileRef = 46649E282381E5AF00755042 /* PictureModel.swift */; };
		46814293233D2BF800E18AE2 /* PictureComponentModel.swift in Sources */ = {isa = PBXBuildFile; fileRef = 46814292233D2BF800E18AE2 /* PictureComponentModel.swift */; };
		46814295233D330400E18AE2 /* User.swift in Sources */ = {isa = PBXBuildFile; fileRef = 46814294233D330400E18AE2 /* User.swift */; };
		46814297233D387100E18AE2 /* MapView.swift in Sources */ = {isa = PBXBuildFile; fileRef = 46814296233D387100E18AE2 /* MapView.swift */; };
		469D2177233BDDB10011A5AF /* AppDelegate.swift in Sources */ = {isa = PBXBuildFile; fileRef = 469D2176233BDDB10011A5AF /* AppDelegate.swift */; };
		469D2179233BDDB10011A5AF /* SceneDelegate.swift in Sources */ = {isa = PBXBuildFile; fileRef = 469D2178233BDDB10011A5AF /* SceneDelegate.swift */; };
		469D217B233BDDB10011A5AF /* ContentView.swift in Sources */ = {isa = PBXBuildFile; fileRef = 469D217A233BDDB10011A5AF /* ContentView.swift */; };
		469D217D233BDDB20011A5AF /* Assets.xcassets in Resources */ = {isa = PBXBuildFile; fileRef = 469D217C233BDDB20011A5AF /* Assets.xcassets */; };
		469D2180233BDDB20011A5AF /* Preview Assets.xcassets in Resources */ = {isa = PBXBuildFile; fileRef = 469D217F233BDDB20011A5AF /* Preview Assets.xcassets */; };
		469D2183233BDDB30011A5AF /* LaunchScreen.storyboard in Resources */ = {isa = PBXBuildFile; fileRef = 469D2181233BDDB30011A5AF /* LaunchScreen.storyboard */; };
		46BABFD92394507600507033 /* UserForLoginDto.swift in Sources */ = {isa = PBXBuildFile; fileRef = 46BABFD82394507600507033 /* UserForLoginDto.swift */; };
		46BABFDC239452BD00507033 /* Alamofire in Frameworks */ = {isa = PBXBuildFile; productRef = 46BABFDB239452BD00507033 /* Alamofire */; };
		46D4AD45238310A7006106A3 /* PicScapeMeView.swift in Sources */ = {isa = PBXBuildFile; fileRef = 46D4AD44238310A7006106A3 /* PicScapeMeView.swift */; };
		46D4AD4723831344006106A3 /* PicScapeApi.swift in Sources */ = {isa = PBXBuildFile; fileRef = 46D4AD4623831344006106A3 /* PicScapeApi.swift */; };
		46D7811A2398619B00AAADC3 /* LoadingSpinner.swift in Sources */ = {isa = PBXBuildFile; fileRef = 46D781192398619B00AAADC3 /* LoadingSpinner.swift */; };
		DB3C225123C54A56002CD498 /* UserForLogoutDto.swift in Sources */ = {isa = PBXBuildFile; fileRef = DB3C225023C54A56002CD498 /* UserForLogoutDto.swift */; };
		DB437C6D2417D42500D42257 /* PictureRowModel.swift in Sources */ = {isa = PBXBuildFile; fileRef = DB437C6C2417D42500D42257 /* PictureRowModel.swift */; };
		DB44357B23AECEC30001916F /* LoadingBinding.swift in Sources */ = {isa = PBXBuildFile; fileRef = DB44357A23AECEC30001916F /* LoadingBinding.swift */; };
		DB44357D23AED9AD0001916F /* PicScapeView.swift in Sources */ = {isa = PBXBuildFile; fileRef = DB44357C23AED9AD0001916F /* PicScapeView.swift */; };
		DB44357F23AEF02B0001916F /* PicScapeSettingsView.swift in Sources */ = {isa = PBXBuildFile; fileRef = DB44357E23AEF02B0001916F /* PicScapeSettingsView.swift */; };
		DB44358223AEF22D0001916F /* UserBinding.swift in Sources */ = {isa = PBXBuildFile; fileRef = DB44358123AEF22D0001916F /* UserBinding.swift */; };
		DB44358423AEF8490001916F /* PicScapeRegisterView.swift in Sources */ = {isa = PBXBuildFile; fileRef = DB44358323AEF8490001916F /* PicScapeRegisterView.swift */; };
		DB44358623AEF98A0001916F /* UserForRegisterDto.swift in Sources */ = {isa = PBXBuildFile; fileRef = DB44358523AEF98A0001916F /* UserForRegisterDto.swift */; };
		DB4923F1241F6D4B0079DE75 /* PicScapeImageCache.swift in Sources */ = {isa = PBXBuildFile; fileRef = DB4923F0241F6D4B0079DE75 /* PicScapeImageCache.swift */; };
		DB4923F3241F718B0079DE75 /* PicScapeCache.swift in Sources */ = {isa = PBXBuildFile; fileRef = DB4923F2241F718B0079DE75 /* PicScapeCache.swift */; };
		DB63551D2422192500C40424 /* PicScapeStorage.swift in Sources */ = {isa = PBXBuildFile; fileRef = DB63551C2422192500C40424 /* PicScapeStorage.swift */; };
		DB63551F242219A500C40424 /* EStorageType.swift in Sources */ = {isa = PBXBuildFile; fileRef = DB63551E242219A500C40424 /* EStorageType.swift */; };
		DB635521242228A800C40424 /* PicScapeImageStorage.swift in Sources */ = {isa = PBXBuildFile; fileRef = DB635520242228A800C40424 /* PicScapeImageStorage.swift */; };
		DB696D472404160C008F8576 /* UserForUpdateDto.swift in Sources */ = {isa = PBXBuildFile; fileRef = DB696D462404160C008F8576 /* UserForUpdateDto.swift */; };
		DB6DA86923FD330C0073A0E9 /* PicScapeRegisterViewModel.swift in Sources */ = {isa = PBXBuildFile; fileRef = DB6DA86823FD330C0073A0E9 /* PicScapeRegisterViewModel.swift */; };
		DB6DA86B23FD3E770073A0E9 /* PicScapeViewModel.swift in Sources */ = {isa = PBXBuildFile; fileRef = DB6DA86A23FD3E770073A0E9 /* PicScapeViewModel.swift */; };
		DB6DA86D23FD583E0073A0E9 /* PicScapeSettingsViewModel.swift in Sources */ = {isa = PBXBuildFile; fileRef = DB6DA86C23FD583E0073A0E9 /* PicScapeSettingsViewModel.swift */; };
		DB6DFADC24051FA900CD2C88 /* Progressbar.swift in Sources */ = {isa = PBXBuildFile; fileRef = DB6DFADB24051FA900CD2C88 /* Progressbar.swift */; };
		DB6E7AE824091C78004598E6 /* PictureListModel.swift in Sources */ = {isa = PBXBuildFile; fileRef = DB6E7AE724091C78004598E6 /* PictureListModel.swift */; };
		DB6EDCD123C8CEEF00A6736F /* ButtonSettingStyle.swift in Sources */ = {isa = PBXBuildFile; fileRef = DB6EDCD023C8CEEF00A6736F /* ButtonSettingStyle.swift */; };
		DB7D3E96241A2A2D00816784 /* PictureDataDto.swift in Sources */ = {isa = PBXBuildFile; fileRef = DB7D3E95241A2A2D00816784 /* PictureDataDto.swift */; };
		DB7D3E98241A39D600816784 /* SinglePictureView.swift in Sources */ = {isa = PBXBuildFile; fileRef = DB7D3E97241A39D600816784 /* SinglePictureView.swift */; };
		DB8AD27823DA390C007AFCF1 /* JsonConverter.swift in Sources */ = {isa = PBXBuildFile; fileRef = DB8AD27723DA390C007AFCF1 /* JsonConverter.swift */; };
		DB905E9523C014B100A7C513 /* PicScapeKeychain.swift in Sources */ = {isa = PBXBuildFile; fileRef = DB905E9423C014B100A7C513 /* PicScapeKeychain.swift */; };
		DB905E9E23C1935800A7C513 /* JwtTokenInterceptor.swift in Sources */ = {isa = PBXBuildFile; fileRef = DB905E9D23C1935800A7C513 /* JwtTokenInterceptor.swift */; };
		DBA3A41423AC252900AD1616 /* ResponseDto.swift in Sources */ = {isa = PBXBuildFile; fileRef = DBA3A41323AC252900AD1616 /* ResponseDto.swift */; };
		DBA903FB23F6D0C3002AD1CA /* AlamofireImage in Frameworks */ = {isa = PBXBuildFile; productRef = DBA903FA23F6D0C3002AD1CA /* AlamofireImage */; };
		DBB19B4923C3892100890494 /* KeychainItemAccessibility.swift in Sources */ = {isa = PBXBuildFile; fileRef = DBB19B4723C3892100890494 /* KeychainItemAccessibility.swift */; };
		DBB19B4A23C3892100890494 /* KeychainWrapper.swift in Sources */ = {isa = PBXBuildFile; fileRef = DBB19B4823C3892100890494 /* KeychainWrapper.swift */; };
		DBD2E645241F85BF002676F1 /* ECacheTypes.swift in Sources */ = {isa = PBXBuildFile; fileRef = DBD2E644241F85BF002676F1 /* ECacheTypes.swift */; };
		DBD2E647241FA100002676F1 /* UploadPictureView.swift in Sources */ = {isa = PBXBuildFile; fileRef = DBD2E646241FA100002676F1 /* UploadPictureView.swift */; };
		DBD2E649241FB9E0002676F1 /* PicScapeButtonStyle.swift in Sources */ = {isa = PBXBuildFile; fileRef = DBD2E648241FB9E0002676F1 /* PicScapeButtonStyle.swift */; };
		DBD2E64E241FD5BB002676F1 /* PicScapeTextField.swift in Sources */ = {isa = PBXBuildFile; fileRef = DBD2E64D241FD5BB002676F1 /* PicScapeTextField.swift */; };
		DBE0D3B92417B64A001CD1AB /* PictureRowComponent.swift in Sources */ = {isa = PBXBuildFile; fileRef = DBE0D3B82417B64A001CD1AB /* PictureRowComponent.swift */; };
		DBEC36DB240EC641002A50AC /* ObservableArray.swift in Sources */ = {isa = PBXBuildFile; fileRef = DBEC36DA240EC641002A50AC /* ObservableArray.swift */; };
		DBF0C50B2409377200866AEF /* RxSwift in Frameworks */ = {isa = PBXBuildFile; productRef = DBF0C50A2409377200866AEF /* RxSwift */; };
		DBF0C50F24094F2B00866AEF /* InfiniteScrollRepoProtocol.swift in Sources */ = {isa = PBXBuildFile; fileRef = DBF0C50E24094F2B00866AEF /* InfiniteScrollRepoProtocol.swift */; };
		DBF0C51124094F9B00866AEF /* MeInfiniteScrollRepository.swift in Sources */ = {isa = PBXBuildFile; fileRef = DBF0C51024094F9B00866AEF /* MeInfiniteScrollRepository.swift */; };
		DBF6BFEA23FC1F7900F73100 /* PicScapeMeViewModel.swift in Sources */ = {isa = PBXBuildFile; fileRef = DBF6BFE923FC1F7900F73100 /* PicScapeMeViewModel.swift */; };
		DBF6BFED23FC2B1200F73100 /* PicScapeLoginViewModel.swift in Sources */ = {isa = PBXBuildFile; fileRef = DBF6BFEC23FC2B1200F73100 /* PicScapeLoginViewModel.swift */; };
		DBF7B0CB23AEC16D00971FF0 /* PicScapeLoginView.swift in Sources */ = {isa = PBXBuildFile; fileRef = DBF7B0CA23AEC16D00971FF0 /* PicScapeLoginView.swift */; };
		DBF7B0CE23AEC3A600971FF0 /* LoginBinding.swift in Sources */ = {isa = PBXBuildFile; fileRef = DBF7B0CD23AEC3A600971FF0 /* LoginBinding.swift */; };
		DBF7B0D123AECADC00971FF0 /* ErrorBinding.swift in Sources */ = {isa = PBXBuildFile; fileRef = DBF7B0D023AECADC00971FF0 /* ErrorBinding.swift */; };
/* End PBXBuildFile section */

/* Begin PBXFileReference section */
		4650152F2393192200A8FAE5 /* ImagePicker.swift */ = {isa = PBXFileReference; fileEncoding = 4; lastKnownFileType = sourcecode.swift; path = ImagePicker.swift; sourceTree = "<group>"; };
		46649E1E2381BB3F00755042 /* PicScapeListView.swift */ = {isa = PBXFileReference; lastKnownFileType = sourcecode.swift; path = PicScapeListView.swift; sourceTree = "<group>"; };
		46649E262381E18200755042 /* PicScapeNewView.swift */ = {isa = PBXFileReference; lastKnownFileType = sourcecode.swift; path = PicScapeNewView.swift; sourceTree = "<group>"; };
		46649E282381E5AF00755042 /* PictureModel.swift */ = {isa = PBXFileReference; lastKnownFileType = sourcecode.swift; path = PictureModel.swift; sourceTree = "<group>"; };
		46814292233D2BF800E18AE2 /* PictureComponentModel.swift */ = {isa = PBXFileReference; lastKnownFileType = sourcecode.swift; path = PictureComponentModel.swift; sourceTree = "<group>"; };
		46814294233D330400E18AE2 /* User.swift */ = {isa = PBXFileReference; lastKnownFileType = sourcecode.swift; path = User.swift; sourceTree = "<group>"; };
		46814296233D387100E18AE2 /* MapView.swift */ = {isa = PBXFileReference; fileEncoding = 4; lastKnownFileType = sourcecode.swift; path = MapView.swift; sourceTree = "<group>"; };
		469D2173233BDDB10011A5AF /* PicScape.app */ = {isa = PBXFileReference; explicitFileType = wrapper.application; includeInIndex = 0; path = PicScape.app; sourceTree = BUILT_PRODUCTS_DIR; };
		469D2176233BDDB10011A5AF /* AppDelegate.swift */ = {isa = PBXFileReference; lastKnownFileType = sourcecode.swift; path = AppDelegate.swift; sourceTree = "<group>"; };
		469D2178233BDDB10011A5AF /* SceneDelegate.swift */ = {isa = PBXFileReference; lastKnownFileType = sourcecode.swift; path = SceneDelegate.swift; sourceTree = "<group>"; };
		469D217A233BDDB10011A5AF /* ContentView.swift */ = {isa = PBXFileReference; lastKnownFileType = sourcecode.swift; path = ContentView.swift; sourceTree = "<group>"; };
		469D217C233BDDB20011A5AF /* Assets.xcassets */ = {isa = PBXFileReference; lastKnownFileType = folder.assetcatalog; path = Assets.xcassets; sourceTree = "<group>"; };
		469D217F233BDDB20011A5AF /* Preview Assets.xcassets */ = {isa = PBXFileReference; lastKnownFileType = folder.assetcatalog; path = "Preview Assets.xcassets"; sourceTree = "<group>"; };
		469D2182233BDDB30011A5AF /* Base */ = {isa = PBXFileReference; lastKnownFileType = file.storyboard; name = Base; path = Base.lproj/LaunchScreen.storyboard; sourceTree = "<group>"; };
		469D2184233BDDB30011A5AF /* Info.plist */ = {isa = PBXFileReference; lastKnownFileType = text.plist.xml; path = Info.plist; sourceTree = "<group>"; };
		46BABFD82394507600507033 /* UserForLoginDto.swift */ = {isa = PBXFileReference; lastKnownFileType = sourcecode.swift; path = UserForLoginDto.swift; sourceTree = "<group>"; };
		46D4AD44238310A7006106A3 /* PicScapeMeView.swift */ = {isa = PBXFileReference; lastKnownFileType = sourcecode.swift; path = PicScapeMeView.swift; sourceTree = "<group>"; };
		46D4AD4623831344006106A3 /* PicScapeApi.swift */ = {isa = PBXFileReference; lastKnownFileType = sourcecode.swift; path = PicScapeApi.swift; sourceTree = "<group>"; };
		46D781192398619B00AAADC3 /* LoadingSpinner.swift */ = {isa = PBXFileReference; lastKnownFileType = sourcecode.swift; path = LoadingSpinner.swift; sourceTree = "<group>"; };
		DB3C225023C54A56002CD498 /* UserForLogoutDto.swift */ = {isa = PBXFileReference; lastKnownFileType = sourcecode.swift; path = UserForLogoutDto.swift; sourceTree = "<group>"; };
		DB437C6C2417D42500D42257 /* PictureRowModel.swift */ = {isa = PBXFileReference; lastKnownFileType = sourcecode.swift; path = PictureRowModel.swift; sourceTree = "<group>"; };
		DB44357A23AECEC30001916F /* LoadingBinding.swift */ = {isa = PBXFileReference; lastKnownFileType = sourcecode.swift; path = LoadingBinding.swift; sourceTree = "<group>"; };
		DB44357C23AED9AD0001916F /* PicScapeView.swift */ = {isa = PBXFileReference; lastKnownFileType = sourcecode.swift; path = PicScapeView.swift; sourceTree = "<group>"; };
		DB44357E23AEF02B0001916F /* PicScapeSettingsView.swift */ = {isa = PBXFileReference; lastKnownFileType = sourcecode.swift; path = PicScapeSettingsView.swift; sourceTree = "<group>"; };
		DB44358123AEF22D0001916F /* UserBinding.swift */ = {isa = PBXFileReference; lastKnownFileType = sourcecode.swift; path = UserBinding.swift; sourceTree = "<group>"; };
		DB44358323AEF8490001916F /* PicScapeRegisterView.swift */ = {isa = PBXFileReference; lastKnownFileType = sourcecode.swift; path = PicScapeRegisterView.swift; sourceTree = "<group>"; };
		DB44358523AEF98A0001916F /* UserForRegisterDto.swift */ = {isa = PBXFileReference; lastKnownFileType = sourcecode.swift; path = UserForRegisterDto.swift; sourceTree = "<group>"; };
		DB4923F0241F6D4B0079DE75 /* PicScapeImageCache.swift */ = {isa = PBXFileReference; lastKnownFileType = sourcecode.swift; path = PicScapeImageCache.swift; sourceTree = "<group>"; };
		DB4923F2241F718B0079DE75 /* PicScapeCache.swift */ = {isa = PBXFileReference; lastKnownFileType = sourcecode.swift; path = PicScapeCache.swift; sourceTree = "<group>"; };
		DB63551C2422192500C40424 /* PicScapeStorage.swift */ = {isa = PBXFileReference; lastKnownFileType = sourcecode.swift; path = PicScapeStorage.swift; sourceTree = "<group>"; };
		DB63551E242219A500C40424 /* EStorageType.swift */ = {isa = PBXFileReference; lastKnownFileType = sourcecode.swift; path = EStorageType.swift; sourceTree = "<group>"; };
		DB635520242228A800C40424 /* PicScapeImageStorage.swift */ = {isa = PBXFileReference; lastKnownFileType = sourcecode.swift; path = PicScapeImageStorage.swift; sourceTree = "<group>"; };
		DB696D462404160C008F8576 /* UserForUpdateDto.swift */ = {isa = PBXFileReference; lastKnownFileType = sourcecode.swift; path = UserForUpdateDto.swift; sourceTree = "<group>"; };
		DB6DA86823FD330C0073A0E9 /* PicScapeRegisterViewModel.swift */ = {isa = PBXFileReference; lastKnownFileType = sourcecode.swift; path = PicScapeRegisterViewModel.swift; sourceTree = "<group>"; };
		DB6DA86A23FD3E770073A0E9 /* PicScapeViewModel.swift */ = {isa = PBXFileReference; lastKnownFileType = sourcecode.swift; path = PicScapeViewModel.swift; sourceTree = "<group>"; };
		DB6DA86C23FD583E0073A0E9 /* PicScapeSettingsViewModel.swift */ = {isa = PBXFileReference; lastKnownFileType = sourcecode.swift; path = PicScapeSettingsViewModel.swift; sourceTree = "<group>"; };
		DB6DFADB24051FA900CD2C88 /* Progressbar.swift */ = {isa = PBXFileReference; lastKnownFileType = sourcecode.swift; path = Progressbar.swift; sourceTree = "<group>"; };
		DB6E7AE724091C78004598E6 /* PictureListModel.swift */ = {isa = PBXFileReference; lastKnownFileType = sourcecode.swift; path = PictureListModel.swift; sourceTree = "<group>"; };
		DB6EDCD023C8CEEF00A6736F /* ButtonSettingStyle.swift */ = {isa = PBXFileReference; lastKnownFileType = sourcecode.swift; path = ButtonSettingStyle.swift; sourceTree = "<group>"; };
		DB7D3E95241A2A2D00816784 /* PictureDataDto.swift */ = {isa = PBXFileReference; lastKnownFileType = sourcecode.swift; path = PictureDataDto.swift; sourceTree = "<group>"; };
		DB7D3E97241A39D600816784 /* SinglePictureView.swift */ = {isa = PBXFileReference; lastKnownFileType = sourcecode.swift; path = SinglePictureView.swift; sourceTree = "<group>"; };
		DB8AD27723DA390C007AFCF1 /* JsonConverter.swift */ = {isa = PBXFileReference; lastKnownFileType = sourcecode.swift; path = JsonConverter.swift; sourceTree = "<group>"; };
		DB905E9423C014B100A7C513 /* PicScapeKeychain.swift */ = {isa = PBXFileReference; lastKnownFileType = sourcecode.swift; path = PicScapeKeychain.swift; sourceTree = "<group>"; };
		DB905E9D23C1935800A7C513 /* JwtTokenInterceptor.swift */ = {isa = PBXFileReference; lastKnownFileType = sourcecode.swift; path = JwtTokenInterceptor.swift; sourceTree = "<group>"; };
		DBA3A41323AC252900AD1616 /* ResponseDto.swift */ = {isa = PBXFileReference; lastKnownFileType = sourcecode.swift; path = ResponseDto.swift; sourceTree = "<group>"; };
		DBB19B4723C3892100890494 /* KeychainItemAccessibility.swift */ = {isa = PBXFileReference; fileEncoding = 4; lastKnownFileType = sourcecode.swift; path = KeychainItemAccessibility.swift; sourceTree = "<group>"; };
		DBB19B4823C3892100890494 /* KeychainWrapper.swift */ = {isa = PBXFileReference; fileEncoding = 4; lastKnownFileType = sourcecode.swift; path = KeychainWrapper.swift; sourceTree = "<group>"; };
		DBD2E644241F85BF002676F1 /* ECacheTypes.swift */ = {isa = PBXFileReference; lastKnownFileType = sourcecode.swift; path = ECacheTypes.swift; sourceTree = "<group>"; };
		DBD2E646241FA100002676F1 /* UploadPictureView.swift */ = {isa = PBXFileReference; lastKnownFileType = sourcecode.swift; path = UploadPictureView.swift; sourceTree = "<group>"; };
		DBD2E648241FB9E0002676F1 /* PicScapeButtonStyle.swift */ = {isa = PBXFileReference; lastKnownFileType = sourcecode.swift; path = PicScapeButtonStyle.swift; sourceTree = "<group>"; };
		DBD2E64D241FD5BB002676F1 /* PicScapeTextField.swift */ = {isa = PBXFileReference; lastKnownFileType = sourcecode.swift; path = PicScapeTextField.swift; sourceTree = "<group>"; };
		DBE0D3B82417B64A001CD1AB /* PictureRowComponent.swift */ = {isa = PBXFileReference; lastKnownFileType = sourcecode.swift; path = PictureRowComponent.swift; sourceTree = "<group>"; };
		DBEC36DA240EC641002A50AC /* ObservableArray.swift */ = {isa = PBXFileReference; lastKnownFileType = sourcecode.swift; path = ObservableArray.swift; sourceTree = "<group>"; };
		DBF0C50E24094F2B00866AEF /* InfiniteScrollRepoProtocol.swift */ = {isa = PBXFileReference; lastKnownFileType = sourcecode.swift; path = InfiniteScrollRepoProtocol.swift; sourceTree = "<group>"; };
		DBF0C51024094F9B00866AEF /* MeInfiniteScrollRepository.swift */ = {isa = PBXFileReference; lastKnownFileType = sourcecode.swift; path = MeInfiniteScrollRepository.swift; sourceTree = "<group>"; };
		DBF6BFE923FC1F7900F73100 /* PicScapeMeViewModel.swift */ = {isa = PBXFileReference; lastKnownFileType = sourcecode.swift; path = PicScapeMeViewModel.swift; sourceTree = "<group>"; };
		DBF6BFEC23FC2B1200F73100 /* PicScapeLoginViewModel.swift */ = {isa = PBXFileReference; lastKnownFileType = sourcecode.swift; path = PicScapeLoginViewModel.swift; sourceTree = "<group>"; };
		DBF7B0CA23AEC16D00971FF0 /* PicScapeLoginView.swift */ = {isa = PBXFileReference; lastKnownFileType = sourcecode.swift; path = PicScapeLoginView.swift; sourceTree = "<group>"; };
		DBF7B0CD23AEC3A600971FF0 /* LoginBinding.swift */ = {isa = PBXFileReference; lastKnownFileType = sourcecode.swift; path = LoginBinding.swift; sourceTree = "<group>"; };
		DBF7B0D023AECADC00971FF0 /* ErrorBinding.swift */ = {isa = PBXFileReference; lastKnownFileType = sourcecode.swift; path = ErrorBinding.swift; sourceTree = "<group>"; };
/* End PBXFileReference section */

/* Begin PBXFrameworksBuildPhase section */
		469D2170233BDDB10011A5AF /* Frameworks */ = {
			isa = PBXFrameworksBuildPhase;
			buildActionMask = 2147483647;
			files = (
				46BABFDC239452BD00507033 /* Alamofire in Frameworks */,
				DBF0C50B2409377200866AEF /* RxSwift in Frameworks */,
				DBA903FB23F6D0C3002AD1CA /* AlamofireImage in Frameworks */,
			);
			runOnlyForDeploymentPostprocessing = 0;
		};
/* End PBXFrameworksBuildPhase section */

/* Begin PBXGroup section */
		462C3B312353D5F9009E85F9 /* Data */ = {
			isa = PBXGroup;
			children = (
				DB63551B2422184800C40424 /* Storing */,
				DB4923EF241F6D3A0079DE75 /* Caching */,
				DBE0D3B72417AD77001CD1AB /* Api */,
				DBF0C50C24094EA200866AEF /* InfiniteScroll */,
				DB905E8F23C0127100A7C513 /* KeychainWrapper */,
				DB8AD27723DA390C007AFCF1 /* JsonConverter.swift */,
			);
			path = Data;
			sourceTree = "<group>";
		};
		4681428E233D2B8300E18AE2 /* Components */ = {
			isa = PBXGroup;
			children = (
				46D781182398618100AAADC3 /* Loading */,
				46D032B723940FB600538735 /* Picture */,
				46814296233D387100E18AE2 /* MapView.swift */,
				DBD2E64D241FD5BB002676F1 /* PicScapeTextField.swift */,
			);
			path = Components;
			sourceTree = "<group>";
		};
		46814291233D2BDB00E18AE2 /* Model */ = {
			isa = PBXGroup;
			children = (
				46BABFD72394506400507033 /* Dtos */,
				46814294233D330400E18AE2 /* User.swift */,
				46814292233D2BF800E18AE2 /* PictureComponentModel.swift */,
				DB6E7AE724091C78004598E6 /* PictureListModel.swift */,
				46649E282381E5AF00755042 /* PictureModel.swift */,
				DB437C6C2417D42500D42257 /* PictureRowModel.swift */,
			);
			path = Model;
			sourceTree = "<group>";
		};
		469D216A233BDDB10011A5AF = {
			isa = PBXGroup;
			children = (
				469D2175233BDDB10011A5AF /* PicScape */,
				469D2174233BDDB10011A5AF /* Products */,
			);
			sourceTree = "<group>";
		};
		469D2174233BDDB10011A5AF /* Products */ = {
			isa = PBXGroup;
			children = (
				469D2173233BDDB10011A5AF /* PicScape.app */,
			);
			name = Products;
			sourceTree = "<group>";
		};
		469D2175233BDDB10011A5AF /* PicScape */ = {
			isa = PBXGroup;
			children = (
				DB6EDCCE23C8CED100A6736F /* Style */,
				DB44358023AEF2010001916F /* Binding */,
				462C3B312353D5F9009E85F9 /* Data */,
				46814291233D2BDB00E18AE2 /* Model */,
				4681428E233D2B8300E18AE2 /* Components */,
				DBF6BFE723FC1A3600F73100 /* ViewModels */,
				469D218A233BF1C30011A5AF /* Views */,
				469D2178233BDDB10011A5AF /* SceneDelegate.swift */,
				469D2176233BDDB10011A5AF /* AppDelegate.swift */,
				469D217A233BDDB10011A5AF /* ContentView.swift */,
				DB44357C23AED9AD0001916F /* PicScapeView.swift */,
				469D217C233BDDB20011A5AF /* Assets.xcassets */,
				469D2181233BDDB30011A5AF /* LaunchScreen.storyboard */,
				469D2184233BDDB30011A5AF /* Info.plist */,
				469D217E233BDDB20011A5AF /* Preview Content */,
			);
			path = PicScape;
			sourceTree = "<group>";
		};
		469D217E233BDDB20011A5AF /* Preview Content */ = {
			isa = PBXGroup;
			children = (
				469D217F233BDDB20011A5AF /* Preview Assets.xcassets */,
			);
			path = "Preview Content";
			sourceTree = "<group>";
		};
		469D218A233BF1C30011A5AF /* Views */ = {
			isa = PBXGroup;
			children = (
				DBF7B0C923AEC0F700971FF0 /* MainViews */,
				DB6EDCD223C92FCE00A6736F /* ChildViews */,
			);
			path = Views;
			sourceTree = "<group>";
		};
		46BABFD72394506400507033 /* Dtos */ = {
			isa = PBXGroup;
			children = (
				46BABFD82394507600507033 /* UserForLoginDto.swift */,
				DBA3A41323AC252900AD1616 /* ResponseDto.swift */,
				DB44358523AEF98A0001916F /* UserForRegisterDto.swift */,
				DB3C225023C54A56002CD498 /* UserForLogoutDto.swift */,
				DB696D462404160C008F8576 /* UserForUpdateDto.swift */,
				DB7D3E95241A2A2D00816784 /* PictureDataDto.swift */,
			);
			path = Dtos;
			sourceTree = "<group>";
		};
		46D032B723940FB600538735 /* Picture */ = {
			isa = PBXGroup;
			children = (
				4650152F2393192200A8FAE5 /* ImagePicker.swift */,
				DBE0D3B82417B64A001CD1AB /* PictureRowComponent.swift */,
				DB7D3E99241A39E500816784 /* Views */,
			);
			path = Picture;
			sourceTree = "<group>";
		};
		46D781182398618100AAADC3 /* Loading */ = {
			isa = PBXGroup;
			children = (
				46D781192398619B00AAADC3 /* LoadingSpinner.swift */,
				DB6DFADB24051FA900CD2C88 /* Progressbar.swift */,
			);
			path = Loading;
			sourceTree = "<group>";
		};
		DB44358023AEF2010001916F /* Binding */ = {
			isa = PBXGroup;
			children = (
				DBF7B0D023AECADC00971FF0 /* ErrorBinding.swift */,
				DBF7B0CD23AEC3A600971FF0 /* LoginBinding.swift */,
				DB44357A23AECEC30001916F /* LoadingBinding.swift */,
				DB44358123AEF22D0001916F /* UserBinding.swift */,
			);
			path = Binding;
			sourceTree = "<group>";
		};
		DB4923EF241F6D3A0079DE75 /* Caching */ = {
			isa = PBXGroup;
			children = (
				DBD2E644241F85BF002676F1 /* ECacheTypes.swift */,
				DB4923F0241F6D4B0079DE75 /* PicScapeImageCache.swift */,
				DB4923F2241F718B0079DE75 /* PicScapeCache.swift */,
			);
			path = Caching;
			sourceTree = "<group>";
		};
		DB63551B2422184800C40424 /* Storing */ = {
			isa = PBXGroup;
			children = (
				DB63551E242219A500C40424 /* EStorageType.swift */,
				DB63551C2422192500C40424 /* PicScapeStorage.swift */,
				DB635520242228A800C40424 /* PicScapeImageStorage.swift */,
			);
			path = Storing;
			sourceTree = "<group>";
		};
		DB6EDCCE23C8CED100A6736F /* Style */ = {
			isa = PBXGroup;
			children = (
				DB6EDCCF23C8CED900A6736F /* Button */,
			);
			path = Style;
			sourceTree = "<group>";
		};
		DB6EDCCF23C8CED900A6736F /* Button */ = {
			isa = PBXGroup;
			children = (
				DB6EDCD023C8CEEF00A6736F /* ButtonSettingStyle.swift */,
				DBD2E648241FB9E0002676F1 /* PicScapeButtonStyle.swift */,
			);
			path = Button;
			sourceTree = "<group>";
		};
		DB6EDCD223C92FCE00A6736F /* ChildViews */ = {
			isa = PBXGroup;
			children = (
				DB44358323AEF8490001916F /* PicScapeRegisterView.swift */,
				DBF7B0CA23AEC16D00971FF0 /* PicScapeLoginView.swift */,
				DB44357E23AEF02B0001916F /* PicScapeSettingsView.swift */,
			);
			path = ChildViews;
			sourceTree = "<group>";
		};
		DB7D3E99241A39E500816784 /* Views */ = {
			isa = PBXGroup;
			children = (
				DB7D3E97241A39D600816784 /* SinglePictureView.swift */,
				DBD2E646241FA100002676F1 /* UploadPictureView.swift */,
			);
			path = Views;
			sourceTree = "<group>";
		};
		DB905E8F23C0127100A7C513 /* KeychainWrapper */ = {
			isa = PBXGroup;
			children = (
				DB905E9423C014B100A7C513 /* PicScapeKeychain.swift */,
				DBB19B4723C3892100890494 /* KeychainItemAccessibility.swift */,
				DBB19B4823C3892100890494 /* KeychainWrapper.swift */,
			);
			path = KeychainWrapper;
			sourceTree = "<group>";
		};
		DBE0D3B72417AD77001CD1AB /* Api */ = {
			isa = PBXGroup;
			children = (
				46D4AD4623831344006106A3 /* PicScapeApi.swift */,
				DB905E9D23C1935800A7C513 /* JwtTokenInterceptor.swift */,
			);
			path = Api;
			sourceTree = "<group>";
		};
		DBF0C50C24094EA200866AEF /* InfiniteScroll */ = {
			isa = PBXGroup;
			children = (
				DBEC36DA240EC641002A50AC /* ObservableArray.swift */,
				DBF0C50E24094F2B00866AEF /* InfiniteScrollRepoProtocol.swift */,
				DBF0C50D24094EE900866AEF /* Me */,
			);
			path = InfiniteScroll;
			sourceTree = "<group>";
		};
		DBF0C50D24094EE900866AEF /* Me */ = {
			isa = PBXGroup;
			children = (
				DBF0C51024094F9B00866AEF /* MeInfiniteScrollRepository.swift */,
			);
			path = Me;
			sourceTree = "<group>";
		};
		DBF6BFE723FC1A3600F73100 /* ViewModels */ = {
			isa = PBXGroup;
			children = (
				DBF6BFEB23FC2AAF00F73100 /* ChildViewModels */,
				DBF6BFE823FC1F5900F73100 /* MainViewModels */,
				DB6DA86A23FD3E770073A0E9 /* PicScapeViewModel.swift */,
			);
			path = ViewModels;
			sourceTree = "<group>";
		};
		DBF6BFE823FC1F5900F73100 /* MainViewModels */ = {
			isa = PBXGroup;
			children = (
				DBF6BFE923FC1F7900F73100 /* PicScapeMeViewModel.swift */,
			);
			path = MainViewModels;
			sourceTree = "<group>";
		};
		DBF6BFEB23FC2AAF00F73100 /* ChildViewModels */ = {
			isa = PBXGroup;
			children = (
				DBF6BFEC23FC2B1200F73100 /* PicScapeLoginViewModel.swift */,
				DB6DA86823FD330C0073A0E9 /* PicScapeRegisterViewModel.swift */,
				DB6DA86C23FD583E0073A0E9 /* PicScapeSettingsViewModel.swift */,
			);
			path = ChildViewModels;
			sourceTree = "<group>";
		};
		DBF7B0C923AEC0F700971FF0 /* MainViews */ = {
			isa = PBXGroup;
			children = (
				46D4AD44238310A7006106A3 /* PicScapeMeView.swift */,
				46649E1E2381BB3F00755042 /* PicScapeListView.swift */,
				46649E262381E18200755042 /* PicScapeNewView.swift */,
			);
			path = MainViews;
			sourceTree = "<group>";
		};
/* End PBXGroup section */

/* Begin PBXNativeTarget section */
		469D2172233BDDB10011A5AF /* PicScape */ = {
			isa = PBXNativeTarget;
			buildConfigurationList = 469D2187233BDDB30011A5AF /* Build configuration list for PBXNativeTarget "PicScape" */;
			buildPhases = (
				469D216F233BDDB10011A5AF /* Sources */,
				469D2170233BDDB10011A5AF /* Frameworks */,
				469D2171233BDDB10011A5AF /* Resources */,
			);
			buildRules = (
			);
			dependencies = (
			);
			name = PicScape;
			packageProductDependencies = (
				46BABFDB239452BD00507033 /* Alamofire */,
				DBA903FA23F6D0C3002AD1CA /* AlamofireImage */,
				DBF0C50A2409377200866AEF /* RxSwift */,
			);
			productName = PicScape;
			productReference = 469D2173233BDDB10011A5AF /* PicScape.app */;
			productType = "com.apple.product-type.application";
		};
/* End PBXNativeTarget section */

/* Begin PBXProject section */
		469D216B233BDDB10011A5AF /* Project object */ = {
			isa = PBXProject;
			attributes = {
				LastSwiftUpdateCheck = 1100;
				LastUpgradeCheck = 1100;
				ORGANIZATIONNAME = ArthurZerr;
				TargetAttributes = {
					469D2172233BDDB10011A5AF = {
						CreatedOnToolsVersion = 11.0;
					};
				};
			};
			buildConfigurationList = 469D216E233BDDB10011A5AF /* Build configuration list for PBXProject "PicScape" */;
			compatibilityVersion = "Xcode 9.3";
			developmentRegion = en;
			hasScannedForEncodings = 0;
			knownRegions = (
				en,
				Base,
			);
			mainGroup = 469D216A233BDDB10011A5AF;
			packageReferences = (
				46BABFDA239452BD00507033 /* XCRemoteSwiftPackageReference "Alamofire" */,
				DBA903F923F6D0C3002AD1CA /* XCRemoteSwiftPackageReference "AlamofireImage" */,
				DBF0C5092409377200866AEF /* XCRemoteSwiftPackageReference "RxSwift" */,
			);
			productRefGroup = 469D2174233BDDB10011A5AF /* Products */;
			projectDirPath = "";
			projectRoot = "";
			targets = (
				469D2172233BDDB10011A5AF /* PicScape */,
			);
		};
/* End PBXProject section */

/* Begin PBXResourcesBuildPhase section */
		469D2171233BDDB10011A5AF /* Resources */ = {
			isa = PBXResourcesBuildPhase;
			buildActionMask = 2147483647;
			files = (
				469D2183233BDDB30011A5AF /* LaunchScreen.storyboard in Resources */,
				469D2180233BDDB20011A5AF /* Preview Assets.xcassets in Resources */,
				469D217D233BDDB20011A5AF /* Assets.xcassets in Resources */,
			);
			runOnlyForDeploymentPostprocessing = 0;
		};
/* End PBXResourcesBuildPhase section */

/* Begin PBXSourcesBuildPhase section */
		469D216F233BDDB10011A5AF /* Sources */ = {
			isa = PBXSourcesBuildPhase;
			buildActionMask = 2147483647;
			files = (
				DBF7B0D123AECADC00971FF0 /* ErrorBinding.swift in Sources */,
				DBA3A41423AC252900AD1616 /* ResponseDto.swift in Sources */,
				DB3C225123C54A56002CD498 /* UserForLogoutDto.swift in Sources */,
				DBF7B0CE23AEC3A600971FF0 /* LoginBinding.swift in Sources */,
				DB437C6D2417D42500D42257 /* PictureRowModel.swift in Sources */,
				DBB19B4923C3892100890494 /* KeychainItemAccessibility.swift in Sources */,
				DB44357D23AED9AD0001916F /* PicScapeView.swift in Sources */,
				DB44358223AEF22D0001916F /* UserBinding.swift in Sources */,
				46649E1F2381BB3F00755042 /* PicScapeListView.swift in Sources */,
				465015302393192200A8FAE5 /* ImagePicker.swift in Sources */,
				DBD2E647241FA100002676F1 /* UploadPictureView.swift in Sources */,
				DB6E7AE824091C78004598E6 /* PictureListModel.swift in Sources */,
				DB905E9523C014B100A7C513 /* PicScapeKeychain.swift in Sources */,
				DB635521242228A800C40424 /* PicScapeImageStorage.swift in Sources */,
				DB63551F242219A500C40424 /* EStorageType.swift in Sources */,
				DBD2E649241FB9E0002676F1 /* PicScapeButtonStyle.swift in Sources */,
				46814293233D2BF800E18AE2 /* PictureComponentModel.swift in Sources */,
				DBEC36DB240EC641002A50AC /* ObservableArray.swift in Sources */,
				46814297233D387100E18AE2 /* MapView.swift in Sources */,
				46D4AD4723831344006106A3 /* PicScapeApi.swift in Sources */,
				DB905E9E23C1935800A7C513 /* JwtTokenInterceptor.swift in Sources */,
				DB4923F1241F6D4B0079DE75 /* PicScapeImageCache.swift in Sources */,
				DBF0C50F24094F2B00866AEF /* InfiniteScrollRepoProtocol.swift in Sources */,
				DB8AD27823DA390C007AFCF1 /* JsonConverter.swift in Sources */,
				DBD2E645241F85BF002676F1 /* ECacheTypes.swift in Sources */,
				DBF0C51124094F9B00866AEF /* MeInfiniteScrollRepository.swift in Sources */,
				DBB19B4A23C3892100890494 /* KeychainWrapper.swift in Sources */,
				469D2177233BDDB10011A5AF /* AppDelegate.swift in Sources */,
				DB63551D2422192500C40424 /* PicScapeStorage.swift in Sources */,
				DBF6BFED23FC2B1200F73100 /* PicScapeLoginViewModel.swift in Sources */,
				469D2179233BDDB10011A5AF /* SceneDelegate.swift in Sources */,
				46BABFD92394507600507033 /* UserForLoginDto.swift in Sources */,
				46D7811A2398619B00AAADC3 /* LoadingSpinner.swift in Sources */,
				DBF6BFEA23FC1F7900F73100 /* PicScapeMeViewModel.swift in Sources */,
				DBE0D3B92417B64A001CD1AB /* PictureRowComponent.swift in Sources */,
				46649E292381E5AF00755042 /* PictureModel.swift in Sources */,
				DB6DA86D23FD583E0073A0E9 /* PicScapeSettingsViewModel.swift in Sources */,
				DB44357F23AEF02B0001916F /* PicScapeSettingsView.swift in Sources */,
				DB696D472404160C008F8576 /* UserForUpdateDto.swift in Sources */,
				469D217B233BDDB10011A5AF /* ContentView.swift in Sources */,
				46D4AD45238310A7006106A3 /* PicScapeMeView.swift in Sources */,
				DB44358623AEF98A0001916F /* UserForRegisterDto.swift in Sources */,
				DB6DFADC24051FA900CD2C88 /* Progressbar.swift in Sources */,
				46649E272381E18300755042 /* PicScapeNewView.swift in Sources */,
				DB4923F3241F718B0079DE75 /* PicScapeCache.swift in Sources */,
				DB6EDCD123C8CEEF00A6736F /* ButtonSettingStyle.swift in Sources */,
				DB44357B23AECEC30001916F /* LoadingBinding.swift in Sources */,
				DB44358423AEF8490001916F /* PicScapeRegisterView.swift in Sources */,
				DBF7B0CB23AEC16D00971FF0 /* PicScapeLoginView.swift in Sources */,
				DB7D3E96241A2A2D00816784 /* PictureDataDto.swift in Sources */,
				DB6DA86923FD330C0073A0E9 /* PicScapeRegisterViewModel.swift in Sources */,
				DB6DA86B23FD3E770073A0E9 /* PicScapeViewModel.swift in Sources */,
				DB7D3E98241A39D600816784 /* SinglePictureView.swift in Sources */,
				DBD2E64E241FD5BB002676F1 /* PicScapeTextField.swift in Sources */,
				46814295233D330400E18AE2 /* User.swift in Sources */,
			);
			runOnlyForDeploymentPostprocessing = 0;
		};
/* End PBXSourcesBuildPhase section */

/* Begin PBXVariantGroup section */
		469D2181233BDDB30011A5AF /* LaunchScreen.storyboard */ = {
			isa = PBXVariantGroup;
			children = (
				469D2182233BDDB30011A5AF /* Base */,
			);
			name = LaunchScreen.storyboard;
			sourceTree = "<group>";
		};
/* End PBXVariantGroup section */

/* Begin XCBuildConfiguration section */
		469D2185233BDDB30011A5AF /* Debug */ = {
			isa = XCBuildConfiguration;
			buildSettings = {
				ALWAYS_SEARCH_USER_PATHS = NO;
				CLANG_ANALYZER_NONNULL = YES;
				CLANG_ANALYZER_NUMBER_OBJECT_CONVERSION = YES_AGGRESSIVE;
				CLANG_CXX_LANGUAGE_STANDARD = "gnu++14";
				CLANG_CXX_LIBRARY = "libc++";
				CLANG_ENABLE_MODULES = YES;
				CLANG_ENABLE_OBJC_ARC = YES;
				CLANG_ENABLE_OBJC_WEAK = YES;
				CLANG_WARN_BLOCK_CAPTURE_AUTORELEASING = YES;
				CLANG_WARN_BOOL_CONVERSION = YES;
				CLANG_WARN_COMMA = YES;
				CLANG_WARN_CONSTANT_CONVERSION = YES;
				CLANG_WARN_DEPRECATED_OBJC_IMPLEMENTATIONS = YES;
				CLANG_WARN_DIRECT_OBJC_ISA_USAGE = YES_ERROR;
				CLANG_WARN_DOCUMENTATION_COMMENTS = YES;
				CLANG_WARN_EMPTY_BODY = YES;
				CLANG_WARN_ENUM_CONVERSION = YES;
				CLANG_WARN_INFINITE_RECURSION = YES;
				CLANG_WARN_INT_CONVERSION = YES;
				CLANG_WARN_NON_LITERAL_NULL_CONVERSION = YES;
				CLANG_WARN_OBJC_IMPLICIT_RETAIN_SELF = YES;
				CLANG_WARN_OBJC_LITERAL_CONVERSION = YES;
				CLANG_WARN_OBJC_ROOT_CLASS = YES_ERROR;
				CLANG_WARN_RANGE_LOOP_ANALYSIS = YES;
				CLANG_WARN_STRICT_PROTOTYPES = YES;
				CLANG_WARN_SUSPICIOUS_MOVE = YES;
				CLANG_WARN_UNGUARDED_AVAILABILITY = YES_AGGRESSIVE;
				CLANG_WARN_UNREACHABLE_CODE = YES;
				CLANG_WARN__DUPLICATE_METHOD_MATCH = YES;
				COPY_PHASE_STRIP = NO;
				DEBUG_INFORMATION_FORMAT = dwarf;
				ENABLE_STRICT_OBJC_MSGSEND = YES;
				ENABLE_TESTABILITY = YES;
				GCC_C_LANGUAGE_STANDARD = gnu11;
				GCC_DYNAMIC_NO_PIC = NO;
				GCC_NO_COMMON_BLOCKS = YES;
				GCC_OPTIMIZATION_LEVEL = 0;
				GCC_PREPROCESSOR_DEFINITIONS = (
					"DEBUG=1",
					"$(inherited)",
				);
				GCC_WARN_64_TO_32_BIT_CONVERSION = YES;
				GCC_WARN_ABOUT_RETURN_TYPE = YES_ERROR;
				GCC_WARN_UNDECLARED_SELECTOR = YES;
				GCC_WARN_UNINITIALIZED_AUTOS = YES_AGGRESSIVE;
				GCC_WARN_UNUSED_FUNCTION = YES;
				GCC_WARN_UNUSED_VARIABLE = YES;
				IPHONEOS_DEPLOYMENT_TARGET = 13.0;
				MTL_ENABLE_DEBUG_INFO = INCLUDE_SOURCE;
				MTL_FAST_MATH = YES;
				ONLY_ACTIVE_ARCH = YES;
				SDKROOT = iphoneos;
				SWIFT_ACTIVE_COMPILATION_CONDITIONS = DEBUG;
				SWIFT_OPTIMIZATION_LEVEL = "-Onone";
			};
			name = Debug;
		};
		469D2186233BDDB30011A5AF /* Release */ = {
			isa = XCBuildConfiguration;
			buildSettings = {
				ALWAYS_SEARCH_USER_PATHS = NO;
				CLANG_ANALYZER_NONNULL = YES;
				CLANG_ANALYZER_NUMBER_OBJECT_CONVERSION = YES_AGGRESSIVE;
				CLANG_CXX_LANGUAGE_STANDARD = "gnu++14";
				CLANG_CXX_LIBRARY = "libc++";
				CLANG_ENABLE_MODULES = YES;
				CLANG_ENABLE_OBJC_ARC = YES;
				CLANG_ENABLE_OBJC_WEAK = YES;
				CLANG_WARN_BLOCK_CAPTURE_AUTORELEASING = YES;
				CLANG_WARN_BOOL_CONVERSION = YES;
				CLANG_WARN_COMMA = YES;
				CLANG_WARN_CONSTANT_CONVERSION = YES;
				CLANG_WARN_DEPRECATED_OBJC_IMPLEMENTATIONS = YES;
				CLANG_WARN_DIRECT_OBJC_ISA_USAGE = YES_ERROR;
				CLANG_WARN_DOCUMENTATION_COMMENTS = YES;
				CLANG_WARN_EMPTY_BODY = YES;
				CLANG_WARN_ENUM_CONVERSION = YES;
				CLANG_WARN_INFINITE_RECURSION = YES;
				CLANG_WARN_INT_CONVERSION = YES;
				CLANG_WARN_NON_LITERAL_NULL_CONVERSION = YES;
				CLANG_WARN_OBJC_IMPLICIT_RETAIN_SELF = YES;
				CLANG_WARN_OBJC_LITERAL_CONVERSION = YES;
				CLANG_WARN_OBJC_ROOT_CLASS = YES_ERROR;
				CLANG_WARN_RANGE_LOOP_ANALYSIS = YES;
				CLANG_WARN_STRICT_PROTOTYPES = YES;
				CLANG_WARN_SUSPICIOUS_MOVE = YES;
				CLANG_WARN_UNGUARDED_AVAILABILITY = YES_AGGRESSIVE;
				CLANG_WARN_UNREACHABLE_CODE = YES;
				CLANG_WARN__DUPLICATE_METHOD_MATCH = YES;
				COPY_PHASE_STRIP = NO;
				DEBUG_INFORMATION_FORMAT = "dwarf-with-dsym";
				ENABLE_NS_ASSERTIONS = NO;
				ENABLE_STRICT_OBJC_MSGSEND = YES;
				GCC_C_LANGUAGE_STANDARD = gnu11;
				GCC_NO_COMMON_BLOCKS = YES;
				GCC_WARN_64_TO_32_BIT_CONVERSION = YES;
				GCC_WARN_ABOUT_RETURN_TYPE = YES_ERROR;
				GCC_WARN_UNDECLARED_SELECTOR = YES;
				GCC_WARN_UNINITIALIZED_AUTOS = YES_AGGRESSIVE;
				GCC_WARN_UNUSED_FUNCTION = YES;
				GCC_WARN_UNUSED_VARIABLE = YES;
				IPHONEOS_DEPLOYMENT_TARGET = 13.0;
				MTL_ENABLE_DEBUG_INFO = NO;
				MTL_FAST_MATH = YES;
				SDKROOT = iphoneos;
				SWIFT_COMPILATION_MODE = wholemodule;
				SWIFT_OPTIMIZATION_LEVEL = "-O";
				VALIDATE_PRODUCT = YES;
			};
			name = Release;
		};
		469D2188233BDDB30011A5AF /* Debug */ = {
			isa = XCBuildConfiguration;
			buildSettings = {
				ASSETCATALOG_COMPILER_APPICON_NAME = AppIcon;
				CODE_SIGN_STYLE = Automatic;
				DEVELOPMENT_ASSET_PATHS = "\"PicScape/Preview Content\"";
				DEVELOPMENT_TEAM = T4SW8K59AB;
				ENABLE_PREVIEWS = YES;
				INFOPLIST_FILE = PicScape/Info.plist;
				LD_RUNPATH_SEARCH_PATHS = (
					"$(inherited)",
					"@executable_path/Frameworks",
				);
				PRODUCT_BUNDLE_IDENTIFIER = de.ArthurZerr.PicScape;
				PRODUCT_NAME = "$(TARGET_NAME)";
				SWIFT_VERSION = 5.0;
				TARGETED_DEVICE_FAMILY = "1,2";
			};
			name = Debug;
		};
		469D2189233BDDB30011A5AF /* Release */ = {
			isa = XCBuildConfiguration;
			buildSettings = {
				ASSETCATALOG_COMPILER_APPICON_NAME = AppIcon;
				CODE_SIGN_STYLE = Automatic;
				DEVELOPMENT_ASSET_PATHS = "\"PicScape/Preview Content\"";
				DEVELOPMENT_TEAM = T4SW8K59AB;
				ENABLE_PREVIEWS = YES;
				INFOPLIST_FILE = PicScape/Info.plist;
				LD_RUNPATH_SEARCH_PATHS = (
					"$(inherited)",
					"@executable_path/Frameworks",
				);
				PRODUCT_BUNDLE_IDENTIFIER = de.ArthurZerr.PicScape;
				PRODUCT_NAME = "$(TARGET_NAME)";
				SWIFT_VERSION = 5.0;
				TARGETED_DEVICE_FAMILY = "1,2";
			};
			name = Release;
		};
/* End XCBuildConfiguration section */

/* Begin XCConfigurationList section */
		469D216E233BDDB10011A5AF /* Build configuration list for PBXProject "PicScape" */ = {
			isa = XCConfigurationList;
			buildConfigurations = (
				469D2185233BDDB30011A5AF /* Debug */,
				469D2186233BDDB30011A5AF /* Release */,
			);
			defaultConfigurationIsVisible = 0;
			defaultConfigurationName = Release;
		};
		469D2187233BDDB30011A5AF /* Build configuration list for PBXNativeTarget "PicScape" */ = {
			isa = XCConfigurationList;
			buildConfigurations = (
				469D2188233BDDB30011A5AF /* Debug */,
				469D2189233BDDB30011A5AF /* Release */,
			);
			defaultConfigurationIsVisible = 0;
			defaultConfigurationName = Release;
		};
/* End XCConfigurationList section */

/* Begin XCRemoteSwiftPackageReference section */
		46BABFDA239452BD00507033 /* XCRemoteSwiftPackageReference "Alamofire" */ = {
			isa = XCRemoteSwiftPackageReference;
			repositoryURL = "https://github.com/Alamofire/Alamofire.git";
			requirement = {
				branch = master;
				kind = branch;
			};
		};
		DBA903F923F6D0C3002AD1CA /* XCRemoteSwiftPackageReference "AlamofireImage" */ = {
			isa = XCRemoteSwiftPackageReference;
			repositoryURL = "https://github.com/Alamofire/AlamofireImage.git";
			requirement = {
				branch = master;
				kind = branch;
			};
		};
		DBF0C5092409377200866AEF /* XCRemoteSwiftPackageReference "RxSwift" */ = {
			isa = XCRemoteSwiftPackageReference;
			repositoryURL = "https://github.com/ReactiveX/RxSwift.git";
			requirement = {
				branch = master;
				kind = branch;
			};
		};
/* End XCRemoteSwiftPackageReference section */

/* Begin XCSwiftPackageProductDependency section */
		46BABFDB239452BD00507033 /* Alamofire */ = {
			isa = XCSwiftPackageProductDependency;
			package = 46BABFDA239452BD00507033 /* XCRemoteSwiftPackageReference "Alamofire" */;
			productName = Alamofire;
		};
		DBA903FA23F6D0C3002AD1CA /* AlamofireImage */ = {
			isa = XCSwiftPackageProductDependency;
			package = DBA903F923F6D0C3002AD1CA /* XCRemoteSwiftPackageReference "AlamofireImage" */;
			productName = AlamofireImage;
		};
		DBF0C50A2409377200866AEF /* RxSwift */ = {
			isa = XCSwiftPackageProductDependency;
			package = DBF0C5092409377200866AEF /* XCRemoteSwiftPackageReference "RxSwift" */;
			productName = RxSwift;
		};
/* End XCSwiftPackageProductDependency section */
	};
	rootObject = 469D216B233BDDB10011A5AF /* Project object */;
}
