// !$*UTF8*$!
{
	archiveVersion = 1;
	classes = {
	};
	objectVersion = 52;
	objects = {

/* Begin PBXBuildFile section */
		462C3B302353D4A4009E85F9 /* userData.json in Resources */ = {isa = PBXBuildFile; fileRef = 462C3B2F2353D4A4009E85F9 /* userData.json */; };
		462C3B332353D61F009E85F9 /* Json.swift in Sources */ = {isa = PBXBuildFile; fileRef = 462C3B322353D61F009E85F9 /* Json.swift */; };
		462C3B352353D63B009E85F9 /* PicScapeData.swift in Sources */ = {isa = PBXBuildFile; fileRef = 462C3B342353D63B009E85F9 /* PicScapeData.swift */; };
		462C3B372353D80C009E85F9 /* ImageStore.swift in Sources */ = {isa = PBXBuildFile; fileRef = 462C3B362353D80C009E85F9 /* ImageStore.swift */; };
		462C3B472353DA2A009E85F9 /* umbagog.jpg in Resources */ = {isa = PBXBuildFile; fileRef = 462C3B382353DA29009E85F9 /* umbagog.jpg */; };
		462C3B482353DA2A009E85F9 /* turtlerock.jpg in Resources */ = {isa = PBXBuildFile; fileRef = 462C3B392353DA29009E85F9 /* turtlerock.jpg */; };
		462C3B492353DA2A009E85F9 /* silversalmoncreek.jpg in Resources */ = {isa = PBXBuildFile; fileRef = 462C3B3A2353DA29009E85F9 /* silversalmoncreek.jpg */; };
		462C3B4A2353DA2A009E85F9 /* chilkoottrail.jpg in Resources */ = {isa = PBXBuildFile; fileRef = 462C3B3B2353DA29009E85F9 /* chilkoottrail.jpg */; };
		462C3B4B2353DA2A009E85F9 /* chincoteague.jpg in Resources */ = {isa = PBXBuildFile; fileRef = 462C3B3C2353DA29009E85F9 /* chincoteague.jpg */; };
		462C3B4C2353DA2A009E85F9 /* icybay.jpg in Resources */ = {isa = PBXBuildFile; fileRef = 462C3B3D2353DA29009E85F9 /* icybay.jpg */; };
		462C3B4D2353DA2A009E85F9 /* stmarylake_feature.jpg in Resources */ = {isa = PBXBuildFile; fileRef = 462C3B3E2353DA29009E85F9 /* stmarylake_feature.jpg */; };
		462C3B4E2353DA2A009E85F9 /* twinlake.jpg in Resources */ = {isa = PBXBuildFile; fileRef = 462C3B3F2353DA29009E85F9 /* twinlake.jpg */; };
		462C3B4F2353DA2A009E85F9 /* lakemcdonald.jpg in Resources */ = {isa = PBXBuildFile; fileRef = 462C3B402353DA2A009E85F9 /* lakemcdonald.jpg */; };
		462C3B502353DA2A009E85F9 /* hiddenlake.jpg in Resources */ = {isa = PBXBuildFile; fileRef = 462C3B412353DA2A009E85F9 /* hiddenlake.jpg */; };
		462C3B512353DA2A009E85F9 /* rainbowlake.jpg in Resources */ = {isa = PBXBuildFile; fileRef = 462C3B422353DA2A009E85F9 /* rainbowlake.jpg */; };
		462C3B522353DA2A009E85F9 /* stmarylake.jpg in Resources */ = {isa = PBXBuildFile; fileRef = 462C3B432353DA2A009E85F9 /* stmarylake.jpg */; };
		462C3B532353DA2A009E85F9 /* charleyrivers_feature.jpg in Resources */ = {isa = PBXBuildFile; fileRef = 462C3B442353DA2A009E85F9 /* charleyrivers_feature.jpg */; };
		462C3B542353DA2A009E85F9 /* turtlerock_feature.jpg in Resources */ = {isa = PBXBuildFile; fileRef = 462C3B452353DA2A009E85F9 /* turtlerock_feature.jpg */; };
		462C3B552353DA2A009E85F9 /* charleyrivers.jpg in Resources */ = {isa = PBXBuildFile; fileRef = 462C3B462353DA2A009E85F9 /* charleyrivers.jpg */; };
		465015302393192200A8FAE5 /* ImagePicker.swift in Sources */ = {isa = PBXBuildFile; fileRef = 4650152F2393192200A8FAE5 /* ImagePicker.swift */; };
		4650153223931BB500A8FAE5 /* CameraButtonView.swift in Sources */ = {isa = PBXBuildFile; fileRef = 4650153123931BB500A8FAE5 /* CameraButtonView.swift */; };
		46501534239322C300A8FAE5 /* Arthur.jpg in Resources */ = {isa = PBXBuildFile; fileRef = 46501533239322C300A8FAE5 /* Arthur.jpg */; };
		465601B623412F1400C821FF /* PageViewController.swift in Sources */ = {isa = PBXBuildFile; fileRef = 465601B323412F1400C821FF /* PageViewController.swift */; };
		465601B723412F1400C821FF /* PageControl.swift in Sources */ = {isa = PBXBuildFile; fileRef = 465601B423412F1400C821FF /* PageControl.swift */; };
		465601B823412F1400C821FF /* PageView.swift in Sources */ = {isa = PBXBuildFile; fileRef = 465601B523412F1400C821FF /* PageView.swift */; };
		46649E1F2381BB3F00755042 /* PicScapeListView.swift in Sources */ = {isa = PBXBuildFile; fileRef = 46649E1E2381BB3F00755042 /* PicScapeListView.swift */; };
		46649E252381E14A00755042 /* WaterfallGrid in Frameworks */ = {isa = PBXBuildFile; productRef = 46649E242381E14A00755042 /* WaterfallGrid */; };
		46649E272381E18300755042 /* PicScapeNewView.swift in Sources */ = {isa = PBXBuildFile; fileRef = 46649E262381E18200755042 /* PicScapeNewView.swift */; };
		46649E292381E5AF00755042 /* Picture_Model.swift in Sources */ = {isa = PBXBuildFile; fileRef = 46649E282381E5AF00755042 /* Picture_Model.swift */; };
		46649E2B2381E75B00755042 /* picture.json in Resources */ = {isa = PBXBuildFile; fileRef = 46649E2A2381E75B00755042 /* picture.json */; };
		46649E2D2381E94000755042 /* PicScapeNew_Component.swift in Sources */ = {isa = PBXBuildFile; fileRef = 46649E2C2381E94000755042 /* PicScapeNew_Component.swift */; };
		46814290233D2BCC00E18AE2 /* Picture_Component.swift in Sources */ = {isa = PBXBuildFile; fileRef = 4681428F233D2BCC00E18AE2 /* Picture_Component.swift */; };
		46814293233D2BF800E18AE2 /* Picture_Component_Model.swift in Sources */ = {isa = PBXBuildFile; fileRef = 46814292233D2BF800E18AE2 /* Picture_Component_Model.swift */; };
		46814295233D330400E18AE2 /* User.swift in Sources */ = {isa = PBXBuildFile; fileRef = 46814294233D330400E18AE2 /* User.swift */; };
		46814297233D387100E18AE2 /* MapView.swift in Sources */ = {isa = PBXBuildFile; fileRef = 46814296233D387100E18AE2 /* MapView.swift */; };
		469D2177233BDDB10011A5AF /* AppDelegate.swift in Sources */ = {isa = PBXBuildFile; fileRef = 469D2176233BDDB10011A5AF /* AppDelegate.swift */; };
		469D2179233BDDB10011A5AF /* SceneDelegate.swift in Sources */ = {isa = PBXBuildFile; fileRef = 469D2178233BDDB10011A5AF /* SceneDelegate.swift */; };
		469D217B233BDDB10011A5AF /* ContentView.swift in Sources */ = {isa = PBXBuildFile; fileRef = 469D217A233BDDB10011A5AF /* ContentView.swift */; };
		469D217D233BDDB20011A5AF /* Assets.xcassets in Resources */ = {isa = PBXBuildFile; fileRef = 469D217C233BDDB20011A5AF /* Assets.xcassets */; };
		469D2180233BDDB20011A5AF /* Preview Assets.xcassets in Resources */ = {isa = PBXBuildFile; fileRef = 469D217F233BDDB20011A5AF /* Preview Assets.xcassets */; };
		469D2183233BDDB30011A5AF /* LaunchScreen.storyboard in Resources */ = {isa = PBXBuildFile; fileRef = 469D2181233BDDB30011A5AF /* LaunchScreen.storyboard */; };
		46BABFD92394507600507033 /* UserForLoginDto.swift in Sources */ = {isa = PBXBuildFile; fileRef = 46BABFD82394507600507033 /* UserForLoginDto.swift */; };
		46BABFDC239452BD00507033 /* Alamofire in Frameworks */ = {isa = PBXBuildFile; productRef = 46BABFDB239452BD00507033 /* Alamofire */; };
		46D4AD45238310A7006106A3 /* PicScapeYouView.swift in Sources */ = {isa = PBXBuildFile; fileRef = 46D4AD44238310A7006106A3 /* PicScapeYouView.swift */; };
		46D4AD4723831344006106A3 /* PicScapeApi.swift in Sources */ = {isa = PBXBuildFile; fileRef = 46D4AD4623831344006106A3 /* PicScapeApi.swift */; };
		46D7811A2398619B00AAADC3 /* LoadingSpinner.swift in Sources */ = {isa = PBXBuildFile; fileRef = 46D781192398619B00AAADC3 /* LoadingSpinner.swift */; };
		DB44357B23AECEC30001916F /* LoadingBinding.swift in Sources */ = {isa = PBXBuildFile; fileRef = DB44357A23AECEC30001916F /* LoadingBinding.swift */; };
		DB44357D23AED9AD0001916F /* PicScapeView.swift in Sources */ = {isa = PBXBuildFile; fileRef = DB44357C23AED9AD0001916F /* PicScapeView.swift */; };
		DB44357F23AEF02B0001916F /* PicScapeSettingsView.swift in Sources */ = {isa = PBXBuildFile; fileRef = DB44357E23AEF02B0001916F /* PicScapeSettingsView.swift */; };
		DB44358223AEF22D0001916F /* UserBinding.swift in Sources */ = {isa = PBXBuildFile; fileRef = DB44358123AEF22D0001916F /* UserBinding.swift */; };
		DBA3A41423AC252900AD1616 /* ResponseDto.swift in Sources */ = {isa = PBXBuildFile; fileRef = DBA3A41323AC252900AD1616 /* ResponseDto.swift */; };
		DBF7B0CB23AEC16D00971FF0 /* PicScapeLogin.swift in Sources */ = {isa = PBXBuildFile; fileRef = DBF7B0CA23AEC16D00971FF0 /* PicScapeLogin.swift */; };
		DBF7B0CE23AEC3A600971FF0 /* LoginBinding.swift in Sources */ = {isa = PBXBuildFile; fileRef = DBF7B0CD23AEC3A600971FF0 /* LoginBinding.swift */; };
		DBF7B0D123AECADC00971FF0 /* ErrorBinding.swift in Sources */ = {isa = PBXBuildFile; fileRef = DBF7B0D023AECADC00971FF0 /* ErrorBinding.swift */; };
/* End PBXBuildFile section */

/* Begin PBXFileReference section */
		462C3B2F2353D4A4009E85F9 /* userData.json */ = {isa = PBXFileReference; lastKnownFileType = text.json; path = userData.json; sourceTree = "<group>"; };
		462C3B322353D61F009E85F9 /* Json.swift */ = {isa = PBXFileReference; fileEncoding = 4; lastKnownFileType = sourcecode.swift; path = Json.swift; sourceTree = "<group>"; };
		462C3B342353D63B009E85F9 /* PicScapeData.swift */ = {isa = PBXFileReference; lastKnownFileType = sourcecode.swift; path = PicScapeData.swift; sourceTree = "<group>"; };
		462C3B362353D80C009E85F9 /* ImageStore.swift */ = {isa = PBXFileReference; lastKnownFileType = sourcecode.swift; path = ImageStore.swift; sourceTree = "<group>"; };
		462C3B382353DA29009E85F9 /* umbagog.jpg */ = {isa = PBXFileReference; lastKnownFileType = image.jpeg; path = umbagog.jpg; sourceTree = "<group>"; };
		462C3B392353DA29009E85F9 /* turtlerock.jpg */ = {isa = PBXFileReference; lastKnownFileType = image.jpeg; path = turtlerock.jpg; sourceTree = "<group>"; };
		462C3B3A2353DA29009E85F9 /* silversalmoncreek.jpg */ = {isa = PBXFileReference; lastKnownFileType = image.jpeg; path = silversalmoncreek.jpg; sourceTree = "<group>"; };
		462C3B3B2353DA29009E85F9 /* chilkoottrail.jpg */ = {isa = PBXFileReference; lastKnownFileType = image.jpeg; path = chilkoottrail.jpg; sourceTree = "<group>"; };
		462C3B3C2353DA29009E85F9 /* chincoteague.jpg */ = {isa = PBXFileReference; lastKnownFileType = image.jpeg; path = chincoteague.jpg; sourceTree = "<group>"; };
		462C3B3D2353DA29009E85F9 /* icybay.jpg */ = {isa = PBXFileReference; lastKnownFileType = image.jpeg; path = icybay.jpg; sourceTree = "<group>"; };
		462C3B3E2353DA29009E85F9 /* stmarylake_feature.jpg */ = {isa = PBXFileReference; lastKnownFileType = image.jpeg; path = stmarylake_feature.jpg; sourceTree = "<group>"; };
		462C3B3F2353DA29009E85F9 /* twinlake.jpg */ = {isa = PBXFileReference; lastKnownFileType = image.jpeg; path = twinlake.jpg; sourceTree = "<group>"; };
		462C3B402353DA2A009E85F9 /* lakemcdonald.jpg */ = {isa = PBXFileReference; lastKnownFileType = image.jpeg; path = lakemcdonald.jpg; sourceTree = "<group>"; };
		462C3B412353DA2A009E85F9 /* hiddenlake.jpg */ = {isa = PBXFileReference; lastKnownFileType = image.jpeg; path = hiddenlake.jpg; sourceTree = "<group>"; };
		462C3B422353DA2A009E85F9 /* rainbowlake.jpg */ = {isa = PBXFileReference; lastKnownFileType = image.jpeg; path = rainbowlake.jpg; sourceTree = "<group>"; };
		462C3B432353DA2A009E85F9 /* stmarylake.jpg */ = {isa = PBXFileReference; lastKnownFileType = image.jpeg; path = stmarylake.jpg; sourceTree = "<group>"; };
		462C3B442353DA2A009E85F9 /* charleyrivers_feature.jpg */ = {isa = PBXFileReference; lastKnownFileType = image.jpeg; path = charleyrivers_feature.jpg; sourceTree = "<group>"; };
		462C3B452353DA2A009E85F9 /* turtlerock_feature.jpg */ = {isa = PBXFileReference; lastKnownFileType = image.jpeg; path = turtlerock_feature.jpg; sourceTree = "<group>"; };
		462C3B462353DA2A009E85F9 /* charleyrivers.jpg */ = {isa = PBXFileReference; lastKnownFileType = image.jpeg; path = charleyrivers.jpg; sourceTree = "<group>"; };
		4650152F2393192200A8FAE5 /* ImagePicker.swift */ = {isa = PBXFileReference; fileEncoding = 4; lastKnownFileType = sourcecode.swift; path = ImagePicker.swift; sourceTree = "<group>"; };
		4650153123931BB500A8FAE5 /* CameraButtonView.swift */ = {isa = PBXFileReference; fileEncoding = 4; lastKnownFileType = sourcecode.swift; path = CameraButtonView.swift; sourceTree = "<group>"; };
		46501533239322C300A8FAE5 /* Arthur.jpg */ = {isa = PBXFileReference; lastKnownFileType = image.jpeg; path = Arthur.jpg; sourceTree = "<group>"; };
		465601B323412F1400C821FF /* PageViewController.swift */ = {isa = PBXFileReference; fileEncoding = 4; lastKnownFileType = sourcecode.swift; path = PageViewController.swift; sourceTree = "<group>"; };
		465601B423412F1400C821FF /* PageControl.swift */ = {isa = PBXFileReference; fileEncoding = 4; lastKnownFileType = sourcecode.swift; path = PageControl.swift; sourceTree = "<group>"; };
		465601B523412F1400C821FF /* PageView.swift */ = {isa = PBXFileReference; fileEncoding = 4; lastKnownFileType = sourcecode.swift; path = PageView.swift; sourceTree = "<group>"; };
		46649E1E2381BB3F00755042 /* PicScapeListView.swift */ = {isa = PBXFileReference; lastKnownFileType = sourcecode.swift; path = PicScapeListView.swift; sourceTree = "<group>"; };
		46649E262381E18200755042 /* PicScapeNewView.swift */ = {isa = PBXFileReference; lastKnownFileType = sourcecode.swift; path = PicScapeNewView.swift; sourceTree = "<group>"; };
		46649E282381E5AF00755042 /* Picture_Model.swift */ = {isa = PBXFileReference; lastKnownFileType = sourcecode.swift; path = Picture_Model.swift; sourceTree = "<group>"; };
		46649E2A2381E75B00755042 /* picture.json */ = {isa = PBXFileReference; lastKnownFileType = text.json; path = picture.json; sourceTree = "<group>"; };
		46649E2C2381E94000755042 /* PicScapeNew_Component.swift */ = {isa = PBXFileReference; lastKnownFileType = sourcecode.swift; path = PicScapeNew_Component.swift; sourceTree = "<group>"; };
		4681428F233D2BCC00E18AE2 /* Picture_Component.swift */ = {isa = PBXFileReference; lastKnownFileType = sourcecode.swift; path = Picture_Component.swift; sourceTree = "<group>"; };
		46814292233D2BF800E18AE2 /* Picture_Component_Model.swift */ = {isa = PBXFileReference; lastKnownFileType = sourcecode.swift; path = Picture_Component_Model.swift; sourceTree = "<group>"; };
		46814294233D330400E18AE2 /* User.swift */ = {isa = PBXFileReference; lastKnownFileType = sourcecode.swift; path = User.swift; sourceTree = "<group>"; };
		46814296233D387100E18AE2 /* MapView.swift */ = {isa = PBXFileReference; fileEncoding = 4; lastKnownFileType = sourcecode.swift; path = MapView.swift; sourceTree = "<group>"; };
		469D2173233BDDB10011A5AF /* PicScape.app */ = {isa = PBXFileReference; explicitFileType = wrapper.application; includeInIndex = 0; path = PicScape.app; sourceTree = BUILT_PRODUCTS_DIR; };
		469D2176233BDDB10011A5AF /* AppDelegate.swift */ = {isa = PBXFileReference; lastKnownFileType = sourcecode.swift; path = AppDelegate.swift; sourceTree = "<group>"; };
		469D2178233BDDB10011A5AF /* SceneDelegate.swift */ = {isa = PBXFileReference; lastKnownFileType = sourcecode.swift; path = SceneDelegate.swift; sourceTree = "<group>"; };
		469D217A233BDDB10011A5AF /* ContentView.swift */ = {isa = PBXFileReference; lastKnownFileType = sourcecode.swift; path = ContentView.swift; sourceTree = "<group>"; };
		469D217C233BDDB20011A5AF /* Assets.xcassets */ = {isa = PBXFileReference; lastKnownFileType = folder.assetcatalog; path = Assets.xcassets; sourceTree = "<group>"; };
		469D217F233BDDB20011A5AF /* Preview Assets.xcassets */ = {isa = PBXFileReference; lastKnownFileType = folder.assetcatalog; path = "Preview Assets.xcassets"; sourceTree = "<group>"; };
		469D2182233BDDB30011A5AF /* Base */ = {isa = PBXFileReference; lastKnownFileType = file.storyboard; name = Base; path = Base.lproj/LaunchScreen.storyboard; sourceTree = "<group>"; };
		469D2184233BDDB30011A5AF /* Info.plist */ = {isa = PBXFileReference; lastKnownFileType = text.plist.xml; path = Info.plist; sourceTree = "<group>"; };
		46BABFD82394507600507033 /* UserForLoginDto.swift */ = {isa = PBXFileReference; lastKnownFileType = sourcecode.swift; path = UserForLoginDto.swift; sourceTree = "<group>"; };
		46D4AD44238310A7006106A3 /* PicScapeYouView.swift */ = {isa = PBXFileReference; lastKnownFileType = sourcecode.swift; path = PicScapeYouView.swift; sourceTree = "<group>"; };
		46D4AD4623831344006106A3 /* PicScapeApi.swift */ = {isa = PBXFileReference; lastKnownFileType = sourcecode.swift; path = PicScapeApi.swift; sourceTree = "<group>"; };
		46D781192398619B00AAADC3 /* LoadingSpinner.swift */ = {isa = PBXFileReference; lastKnownFileType = sourcecode.swift; path = LoadingSpinner.swift; sourceTree = "<group>"; };
		DB44357A23AECEC30001916F /* LoadingBinding.swift */ = {isa = PBXFileReference; lastKnownFileType = sourcecode.swift; path = LoadingBinding.swift; sourceTree = "<group>"; };
		DB44357C23AED9AD0001916F /* PicScapeView.swift */ = {isa = PBXFileReference; lastKnownFileType = sourcecode.swift; path = PicScapeView.swift; sourceTree = "<group>"; };
		DB44357E23AEF02B0001916F /* PicScapeSettingsView.swift */ = {isa = PBXFileReference; lastKnownFileType = sourcecode.swift; path = PicScapeSettingsView.swift; sourceTree = "<group>"; };
		DB44358123AEF22D0001916F /* UserBinding.swift */ = {isa = PBXFileReference; lastKnownFileType = sourcecode.swift; path = UserBinding.swift; sourceTree = "<group>"; };
		DBA3A41323AC252900AD1616 /* ResponseDto.swift */ = {isa = PBXFileReference; lastKnownFileType = sourcecode.swift; path = ResponseDto.swift; sourceTree = "<group>"; };
		DBF7B0CA23AEC16D00971FF0 /* PicScapeLogin.swift */ = {isa = PBXFileReference; lastKnownFileType = sourcecode.swift; path = PicScapeLogin.swift; sourceTree = "<group>"; };
		DBF7B0CD23AEC3A600971FF0 /* LoginBinding.swift */ = {isa = PBXFileReference; lastKnownFileType = sourcecode.swift; path = LoginBinding.swift; sourceTree = "<group>"; };
		DBF7B0D023AECADC00971FF0 /* ErrorBinding.swift */ = {isa = PBXFileReference; lastKnownFileType = sourcecode.swift; path = ErrorBinding.swift; sourceTree = "<group>"; };
/* End PBXFileReference section */

/* Begin PBXFrameworksBuildPhase section */
		469D2170233BDDB10011A5AF /* Frameworks */ = {
			isa = PBXFrameworksBuildPhase;
			buildActionMask = 2147483647;
			files = (
				46649E252381E14A00755042 /* WaterfallGrid in Frameworks */,
				46BABFDC239452BD00507033 /* Alamofire in Frameworks */,
			);
			runOnlyForDeploymentPostprocessing = 0;
		};
/* End PBXFrameworksBuildPhase section */

/* Begin PBXGroup section */
		462C3B2E2353D474009E85F9 /* Resources */ = {
			isa = PBXGroup;
			children = (
				46501533239322C300A8FAE5 /* Arthur.jpg */,
				462C3B442353DA2A009E85F9 /* charleyrivers_feature.jpg */,
				462C3B462353DA2A009E85F9 /* charleyrivers.jpg */,
				462C3B3B2353DA29009E85F9 /* chilkoottrail.jpg */,
				462C3B3C2353DA29009E85F9 /* chincoteague.jpg */,
				462C3B412353DA2A009E85F9 /* hiddenlake.jpg */,
				462C3B3D2353DA29009E85F9 /* icybay.jpg */,
				462C3B402353DA2A009E85F9 /* lakemcdonald.jpg */,
				462C3B422353DA2A009E85F9 /* rainbowlake.jpg */,
				462C3B3A2353DA29009E85F9 /* silversalmoncreek.jpg */,
				462C3B3E2353DA29009E85F9 /* stmarylake_feature.jpg */,
				462C3B432353DA2A009E85F9 /* stmarylake.jpg */,
				462C3B452353DA2A009E85F9 /* turtlerock_feature.jpg */,
				462C3B392353DA29009E85F9 /* turtlerock.jpg */,
				462C3B3F2353DA29009E85F9 /* twinlake.jpg */,
				462C3B382353DA29009E85F9 /* umbagog.jpg */,
				462C3B2F2353D4A4009E85F9 /* userData.json */,
				46649E2A2381E75B00755042 /* picture.json */,
			);
			path = Resources;
			sourceTree = "<group>";
		};
		462C3B312353D5F9009E85F9 /* Data */ = {
			isa = PBXGroup;
			children = (
				462C3B322353D61F009E85F9 /* Json.swift */,
				462C3B342353D63B009E85F9 /* PicScapeData.swift */,
				462C3B362353D80C009E85F9 /* ImageStore.swift */,
				46D4AD4623831344006106A3 /* PicScapeApi.swift */,
			);
			path = Data;
			sourceTree = "<group>";
		};
		465601B223412D2A00C821FF /* SwitchPage */ = {
			isa = PBXGroup;
			children = (
				465601B423412F1400C821FF /* PageControl.swift */,
				465601B523412F1400C821FF /* PageView.swift */,
				465601B323412F1400C821FF /* PageViewController.swift */,
			);
			path = SwitchPage;
			sourceTree = "<group>";
		};
		4681428E233D2B8300E18AE2 /* Components */ = {
			isa = PBXGroup;
			children = (
				DB44358023AEF2010001916F /* Binding */,
				46D781182398618100AAADC3 /* Loading */,
				46D032B723940FB600538735 /* Picture */,
				46D032B623940FA300538735 /* Camera */,
				465601B223412D2A00C821FF /* SwitchPage */,
				46814296233D387100E18AE2 /* MapView.swift */,
			);
			path = Components;
			sourceTree = "<group>";
		};
		46814291233D2BDB00E18AE2 /* Model */ = {
			isa = PBXGroup;
			children = (
				46BABFD72394506400507033 /* Dtos */,
				46814292233D2BF800E18AE2 /* Picture_Component_Model.swift */,
				46814294233D330400E18AE2 /* User.swift */,
				46649E282381E5AF00755042 /* Picture_Model.swift */,
			);
			path = Model;
			sourceTree = "<group>";
		};
		469D216A233BDDB10011A5AF = {
			isa = PBXGroup;
			children = (
				469D2175233BDDB10011A5AF /* PicScape */,
				469D2174233BDDB10011A5AF /* Products */,
			);
			sourceTree = "<group>";
		};
		469D2174233BDDB10011A5AF /* Products */ = {
			isa = PBXGroup;
			children = (
				469D2173233BDDB10011A5AF /* PicScape.app */,
			);
			name = Products;
			sourceTree = "<group>";
		};
		469D2175233BDDB10011A5AF /* PicScape */ = {
			isa = PBXGroup;
			children = (
				462C3B312353D5F9009E85F9 /* Data */,
				462C3B2E2353D474009E85F9 /* Resources */,
				46814291233D2BDB00E18AE2 /* Model */,
				4681428E233D2B8300E18AE2 /* Components */,
				469D218A233BF1C30011A5AF /* Views */,
				469D2176233BDDB10011A5AF /* AppDelegate.swift */,
				469D2178233BDDB10011A5AF /* SceneDelegate.swift */,
				469D217A233BDDB10011A5AF /* ContentView.swift */,
				469D217C233BDDB20011A5AF /* Assets.xcassets */,
				469D2181233BDDB30011A5AF /* LaunchScreen.storyboard */,
				469D2184233BDDB30011A5AF /* Info.plist */,
				469D217E233BDDB20011A5AF /* Preview Content */,
			);
			path = PicScape;
			sourceTree = "<group>";
		};
		469D217E233BDDB20011A5AF /* Preview Content */ = {
			isa = PBXGroup;
			children = (
				469D217F233BDDB20011A5AF /* Preview Assets.xcassets */,
			);
			path = "Preview Content";
			sourceTree = "<group>";
		};
		469D218A233BF1C30011A5AF /* Views */ = {
			isa = PBXGroup;
			children = (
				DB44357C23AED9AD0001916F /* PicScapeView.swift */,
				DBF7B0CA23AEC16D00971FF0 /* PicScapeLogin.swift */,
				DBF7B0C923AEC0F700971FF0 /* ChildViews */,
			);
			path = Views;
			sourceTree = "<group>";
		};
		46BABFD72394506400507033 /* Dtos */ = {
			isa = PBXGroup;
			children = (
				46BABFD82394507600507033 /* UserForLoginDto.swift */,
				DBA3A41323AC252900AD1616 /* ResponseDto.swift */,
			);
			path = Dtos;
			sourceTree = "<group>";
		};
		46D032B623940FA300538735 /* Camera */ = {
			isa = PBXGroup;
			children = (
				4650152F2393192200A8FAE5 /* ImagePicker.swift */,
				4650153123931BB500A8FAE5 /* CameraButtonView.swift */,
			);
			path = Camera;
			sourceTree = "<group>";
		};
		46D032B723940FB600538735 /* Picture */ = {
			isa = PBXGroup;
			children = (
				4681428F233D2BCC00E18AE2 /* Picture_Component.swift */,
				46649E2C2381E94000755042 /* PicScapeNew_Component.swift */,
			);
			path = Picture;
			sourceTree = "<group>";
		};
		46D781182398618100AAADC3 /* Loading */ = {
			isa = PBXGroup;
			children = (
				46D781192398619B00AAADC3 /* LoadingSpinner.swift */,
			);
			path = Loading;
			sourceTree = "<group>";
		};
		DB44358023AEF2010001916F /* Binding */ = {
			isa = PBXGroup;
			children = (
				DBF7B0D023AECADC00971FF0 /* ErrorBinding.swift */,
				DB44357A23AECEC30001916F /* LoadingBinding.swift */,
				DBF7B0CD23AEC3A600971FF0 /* LoginBinding.swift */,
				DB44358123AEF22D0001916F /* UserBinding.swift */,
			);
			path = Binding;
			sourceTree = "<group>";
		};
		DBF7B0C923AEC0F700971FF0 /* ChildViews */ = {
			isa = PBXGroup;
			children = (
				46D4AD44238310A7006106A3 /* PicScapeYouView.swift */,
				46649E1E2381BB3F00755042 /* PicScapeListView.swift */,
				46649E262381E18200755042 /* PicScapeNewView.swift */,
				DB44357E23AEF02B0001916F /* PicScapeSettingsView.swift */,
			);
			path = ChildViews;
			sourceTree = "<group>";
		};
/* End PBXGroup section */

/* Begin PBXNativeTarget section */
		469D2172233BDDB10011A5AF /* PicScape */ = {
			isa = PBXNativeTarget;
			buildConfigurationList = 469D2187233BDDB30011A5AF /* Build configuration list for PBXNativeTarget "PicScape" */;
			buildPhases = (
				469D216F233BDDB10011A5AF /* Sources */,
				469D2170233BDDB10011A5AF /* Frameworks */,
				469D2171233BDDB10011A5AF /* Resources */,
			);
			buildRules = (
			);
			dependencies = (
			);
			name = PicScape;
			packageProductDependencies = (
				46649E242381E14A00755042 /* WaterfallGrid */,
				46BABFDB239452BD00507033 /* Alamofire */,
			);
			productName = PicScape;
			productReference = 469D2173233BDDB10011A5AF /* PicScape.app */;
			productType = "com.apple.product-type.application";
		};
/* End PBXNativeTarget section */

/* Begin PBXProject section */
		469D216B233BDDB10011A5AF /* Project object */ = {
			isa = PBXProject;
			attributes = {
				LastSwiftUpdateCheck = 1100;
				LastUpgradeCheck = 1100;
				ORGANIZATIONNAME = ArthurZerr;
				TargetAttributes = {
					469D2172233BDDB10011A5AF = {
						CreatedOnToolsVersion = 11.0;
					};
				};
			};
			buildConfigurationList = 469D216E233BDDB10011A5AF /* Build configuration list for PBXProject "PicScape" */;
			compatibilityVersion = "Xcode 9.3";
			developmentRegion = en;
			hasScannedForEncodings = 0;
			knownRegions = (
				en,
				Base,
			);
			mainGroup = 469D216A233BDDB10011A5AF;
			packageReferences = (
				46649E232381E14A00755042 /* XCRemoteSwiftPackageReference "WaterfallGrid" */,
				46BABFDA239452BD00507033 /* XCRemoteSwiftPackageReference "Alamofire" */,
			);
			productRefGroup = 469D2174233BDDB10011A5AF /* Products */;
			projectDirPath = "";
			projectRoot = "";
			targets = (
				469D2172233BDDB10011A5AF /* PicScape */,
			);
		};
/* End PBXProject section */

/* Begin PBXResourcesBuildPhase section */
		469D2171233BDDB10011A5AF /* Resources */ = {
			isa = PBXResourcesBuildPhase;
			buildActionMask = 2147483647;
			files = (
				469D2183233BDDB30011A5AF /* LaunchScreen.storyboard in Resources */,
				462C3B512353DA2A009E85F9 /* rainbowlake.jpg in Resources */,
				462C3B4A2353DA2A009E85F9 /* chilkoottrail.jpg in Resources */,
				46501534239322C300A8FAE5 /* Arthur.jpg in Resources */,
				469D2180233BDDB20011A5AF /* Preview Assets.xcassets in Resources */,
				462C3B4F2353DA2A009E85F9 /* lakemcdonald.jpg in Resources */,
				462C3B542353DA2A009E85F9 /* turtlerock_feature.jpg in Resources */,
				462C3B4B2353DA2A009E85F9 /* chincoteague.jpg in Resources */,
				462C3B482353DA2A009E85F9 /* turtlerock.jpg in Resources */,
				462C3B552353DA2A009E85F9 /* charleyrivers.jpg in Resources */,
				462C3B532353DA2A009E85F9 /* charleyrivers_feature.jpg in Resources */,
				462C3B502353DA2A009E85F9 /* hiddenlake.jpg in Resources */,
				462C3B4D2353DA2A009E85F9 /* stmarylake_feature.jpg in Resources */,
				462C3B4E2353DA2A009E85F9 /* twinlake.jpg in Resources */,
				462C3B522353DA2A009E85F9 /* stmarylake.jpg in Resources */,
				462C3B302353D4A4009E85F9 /* userData.json in Resources */,
				462C3B492353DA2A009E85F9 /* silversalmoncreek.jpg in Resources */,
				46649E2B2381E75B00755042 /* picture.json in Resources */,
				469D217D233BDDB20011A5AF /* Assets.xcassets in Resources */,
				462C3B4C2353DA2A009E85F9 /* icybay.jpg in Resources */,
				462C3B472353DA2A009E85F9 /* umbagog.jpg in Resources */,
			);
			runOnlyForDeploymentPostprocessing = 0;
		};
/* End PBXResourcesBuildPhase section */

/* Begin PBXSourcesBuildPhase section */
		469D216F233BDDB10011A5AF /* Sources */ = {
			isa = PBXSourcesBuildPhase;
			buildActionMask = 2147483647;
			files = (
				DBF7B0D123AECADC00971FF0 /* ErrorBinding.swift in Sources */,
				46649E2D2381E94000755042 /* PicScapeNew_Component.swift in Sources */,
				465601B723412F1400C821FF /* PageControl.swift in Sources */,
				DBA3A41423AC252900AD1616 /* ResponseDto.swift in Sources */,
				DBF7B0CE23AEC3A600971FF0 /* LoginBinding.swift in Sources */,
				DB44357D23AED9AD0001916F /* PicScapeView.swift in Sources */,
				DB44358223AEF22D0001916F /* UserBinding.swift in Sources */,
				46649E1F2381BB3F00755042 /* PicScapeListView.swift in Sources */,
				465015302393192200A8FAE5 /* ImagePicker.swift in Sources */,
				46814293233D2BF800E18AE2 /* Picture_Component_Model.swift in Sources */,
				46814297233D387100E18AE2 /* MapView.swift in Sources */,
				46D4AD4723831344006106A3 /* PicScapeApi.swift in Sources */,
				46814290233D2BCC00E18AE2 /* Picture_Component.swift in Sources */,
				462C3B372353D80C009E85F9 /* ImageStore.swift in Sources */,
				469D2177233BDDB10011A5AF /* AppDelegate.swift in Sources */,
				469D2179233BDDB10011A5AF /* SceneDelegate.swift in Sources */,
				465601B623412F1400C821FF /* PageViewController.swift in Sources */,
				46BABFD92394507600507033 /* UserForLoginDto.swift in Sources */,
				46D7811A2398619B00AAADC3 /* LoadingSpinner.swift in Sources */,
				4650153223931BB500A8FAE5 /* CameraButtonView.swift in Sources */,
				46649E292381E5AF00755042 /* Picture_Model.swift in Sources */,
				465601B823412F1400C821FF /* PageView.swift in Sources */,
				DB44357F23AEF02B0001916F /* PicScapeSettingsView.swift in Sources */,
				469D217B233BDDB10011A5AF /* ContentView.swift in Sources */,
				46D4AD45238310A7006106A3 /* PicScapeYouView.swift in Sources */,
				462C3B352353D63B009E85F9 /* PicScapeData.swift in Sources */,
				46649E272381E18300755042 /* PicScapeNewView.swift in Sources */,
				DB44357B23AECEC30001916F /* LoadingBinding.swift in Sources */,
				462C3B332353D61F009E85F9 /* Json.swift in Sources */,
				DBF7B0CB23AEC16D00971FF0 /* PicScapeLogin.swift in Sources */,
				46814295233D330400E18AE2 /* User.swift in Sources */,
			);
			runOnlyForDeploymentPostprocessing = 0;
		};
/* End PBXSourcesBuildPhase section */

/* Begin PBXVariantGroup section */
		469D2181233BDDB30011A5AF /* LaunchScreen.storyboard */ = {
			isa = PBXVariantGroup;
			children = (
				469D2182233BDDB30011A5AF /* Base */,
			);
			name = LaunchScreen.storyboard;
			sourceTree = "<group>";
		};
/* End PBXVariantGroup section */

/* Begin XCBuildConfiguration section */
		469D2185233BDDB30011A5AF /* Debug */ = {
			isa = XCBuildConfiguration;
			buildSettings = {
				ALWAYS_SEARCH_USER_PATHS = NO;
				CLANG_ANALYZER_NONNULL = YES;
				CLANG_ANALYZER_NUMBER_OBJECT_CONVERSION = YES_AGGRESSIVE;
				CLANG_CXX_LANGUAGE_STANDARD = "gnu++14";
				CLANG_CXX_LIBRARY = "libc++";
				CLANG_ENABLE_MODULES = YES;
				CLANG_ENABLE_OBJC_ARC = YES;
				CLANG_ENABLE_OBJC_WEAK = YES;
				CLANG_WARN_BLOCK_CAPTURE_AUTORELEASING = YES;
				CLANG_WARN_BOOL_CONVERSION = YES;
				CLANG_WARN_COMMA = YES;
				CLANG_WARN_CONSTANT_CONVERSION = YES;
				CLANG_WARN_DEPRECATED_OBJC_IMPLEMENTATIONS = YES;
				CLANG_WARN_DIRECT_OBJC_ISA_USAGE = YES_ERROR;
				CLANG_WARN_DOCUMENTATION_COMMENTS = YES;
				CLANG_WARN_EMPTY_BODY = YES;
				CLANG_WARN_ENUM_CONVERSION = YES;
				CLANG_WARN_INFINITE_RECURSION = YES;
				CLANG_WARN_INT_CONVERSION = YES;
				CLANG_WARN_NON_LITERAL_NULL_CONVERSION = YES;
				CLANG_WARN_OBJC_IMPLICIT_RETAIN_SELF = YES;
				CLANG_WARN_OBJC_LITERAL_CONVERSION = YES;
				CLANG_WARN_OBJC_ROOT_CLASS = YES_ERROR;
				CLANG_WARN_RANGE_LOOP_ANALYSIS = YES;
				CLANG_WARN_STRICT_PROTOTYPES = YES;
				CLANG_WARN_SUSPICIOUS_MOVE = YES;
				CLANG_WARN_UNGUARDED_AVAILABILITY = YES_AGGRESSIVE;
				CLANG_WARN_UNREACHABLE_CODE = YES;
				CLANG_WARN__DUPLICATE_METHOD_MATCH = YES;
				COPY_PHASE_STRIP = NO;
				DEBUG_INFORMATION_FORMAT = dwarf;
				ENABLE_STRICT_OBJC_MSGSEND = YES;
				ENABLE_TESTABILITY = YES;
				GCC_C_LANGUAGE_STANDARD = gnu11;
				GCC_DYNAMIC_NO_PIC = NO;
				GCC_NO_COMMON_BLOCKS = YES;
				GCC_OPTIMIZATION_LEVEL = 0;
				GCC_PREPROCESSOR_DEFINITIONS = (
					"DEBUG=1",
					"$(inherited)",
				);
				GCC_WARN_64_TO_32_BIT_CONVERSION = YES;
				GCC_WARN_ABOUT_RETURN_TYPE = YES_ERROR;
				GCC_WARN_UNDECLARED_SELECTOR = YES;
				GCC_WARN_UNINITIALIZED_AUTOS = YES_AGGRESSIVE;
				GCC_WARN_UNUSED_FUNCTION = YES;
				GCC_WARN_UNUSED_VARIABLE = YES;
				IPHONEOS_DEPLOYMENT_TARGET = 13.0;
				MTL_ENABLE_DEBUG_INFO = INCLUDE_SOURCE;
				MTL_FAST_MATH = YES;
				ONLY_ACTIVE_ARCH = YES;
				SDKROOT = iphoneos;
				SWIFT_ACTIVE_COMPILATION_CONDITIONS = DEBUG;
				SWIFT_OPTIMIZATION_LEVEL = "-Onone";
			};
			name = Debug;
		};
		469D2186233BDDB30011A5AF /* Release */ = {
			isa = XCBuildConfiguration;
			buildSettings = {
				ALWAYS_SEARCH_USER_PATHS = NO;
				CLANG_ANALYZER_NONNULL = YES;
				CLANG_ANALYZER_NUMBER_OBJECT_CONVERSION = YES_AGGRESSIVE;
				CLANG_CXX_LANGUAGE_STANDARD = "gnu++14";
				CLANG_CXX_LIBRARY = "libc++";
				CLANG_ENABLE_MODULES = YES;
				CLANG_ENABLE_OBJC_ARC = YES;
				CLANG_ENABLE_OBJC_WEAK = YES;
				CLANG_WARN_BLOCK_CAPTURE_AUTORELEASING = YES;
				CLANG_WARN_BOOL_CONVERSION = YES;
				CLANG_WARN_COMMA = YES;
				CLANG_WARN_CONSTANT_CONVERSION = YES;
				CLANG_WARN_DEPRECATED_OBJC_IMPLEMENTATIONS = YES;
				CLANG_WARN_DIRECT_OBJC_ISA_USAGE = YES_ERROR;
				CLANG_WARN_DOCUMENTATION_COMMENTS = YES;
				CLANG_WARN_EMPTY_BODY = YES;
				CLANG_WARN_ENUM_CONVERSION = YES;
				CLANG_WARN_INFINITE_RECURSION = YES;
				CLANG_WARN_INT_CONVERSION = YES;
				CLANG_WARN_NON_LITERAL_NULL_CONVERSION = YES;
				CLANG_WARN_OBJC_IMPLICIT_RETAIN_SELF = YES;
				CLANG_WARN_OBJC_LITERAL_CONVERSION = YES;
				CLANG_WARN_OBJC_ROOT_CLASS = YES_ERROR;
				CLANG_WARN_RANGE_LOOP_ANALYSIS = YES;
				CLANG_WARN_STRICT_PROTOTYPES = YES;
				CLANG_WARN_SUSPICIOUS_MOVE = YES;
				CLANG_WARN_UNGUARDED_AVAILABILITY = YES_AGGRESSIVE;
				CLANG_WARN_UNREACHABLE_CODE = YES;
				CLANG_WARN__DUPLICATE_METHOD_MATCH = YES;
				COPY_PHASE_STRIP = NO;
				DEBUG_INFORMATION_FORMAT = "dwarf-with-dsym";
				ENABLE_NS_ASSERTIONS = NO;
				ENABLE_STRICT_OBJC_MSGSEND = YES;
				GCC_C_LANGUAGE_STANDARD = gnu11;
				GCC_NO_COMMON_BLOCKS = YES;
				GCC_WARN_64_TO_32_BIT_CONVERSION = YES;
				GCC_WARN_ABOUT_RETURN_TYPE = YES_ERROR;
				GCC_WARN_UNDECLARED_SELECTOR = YES;
				GCC_WARN_UNINITIALIZED_AUTOS = YES_AGGRESSIVE;
				GCC_WARN_UNUSED_FUNCTION = YES;
				GCC_WARN_UNUSED_VARIABLE = YES;
				IPHONEOS_DEPLOYMENT_TARGET = 13.0;
				MTL_ENABLE_DEBUG_INFO = NO;
				MTL_FAST_MATH = YES;
				SDKROOT = iphoneos;
				SWIFT_COMPILATION_MODE = wholemodule;
				SWIFT_OPTIMIZATION_LEVEL = "-O";
				VALIDATE_PRODUCT = YES;
			};
			name = Release;
		};
		469D2188233BDDB30011A5AF /* Debug */ = {
			isa = XCBuildConfiguration;
			buildSettings = {
				ASSETCATALOG_COMPILER_APPICON_NAME = AppIcon;
				CODE_SIGN_STYLE = Automatic;
				DEVELOPMENT_ASSET_PATHS = "\"PicScape/Preview Content\"";
				DEVELOPMENT_TEAM = T4SW8K59AB;
				ENABLE_PREVIEWS = YES;
				INFOPLIST_FILE = PicScape/Info.plist;
				LD_RUNPATH_SEARCH_PATHS = (
					"$(inherited)",
					"@executable_path/Frameworks",
				);
				PRODUCT_BUNDLE_IDENTIFIER = de.ArthurZerr.PicScape;
				PRODUCT_NAME = "$(TARGET_NAME)";
				SWIFT_VERSION = 5.0;
				TARGETED_DEVICE_FAMILY = "1,2";
			};
			name = Debug;
		};
		469D2189233BDDB30011A5AF /* Release */ = {
			isa = XCBuildConfiguration;
			buildSettings = {
				ASSETCATALOG_COMPILER_APPICON_NAME = AppIcon;
				CODE_SIGN_STYLE = Automatic;
				DEVELOPMENT_ASSET_PATHS = "\"PicScape/Preview Content\"";
				DEVELOPMENT_TEAM = T4SW8K59AB;
				ENABLE_PREVIEWS = YES;
				INFOPLIST_FILE = PicScape/Info.plist;
				LD_RUNPATH_SEARCH_PATHS = (
					"$(inherited)",
					"@executable_path/Frameworks",
				);
				PRODUCT_BUNDLE_IDENTIFIER = de.ArthurZerr.PicScape;
				PRODUCT_NAME = "$(TARGET_NAME)";
				SWIFT_VERSION = 5.0;
				TARGETED_DEVICE_FAMILY = "1,2";
			};
			name = Release;
		};
/* End XCBuildConfiguration section */

/* Begin XCConfigurationList section */
		469D216E233BDDB10011A5AF /* Build configuration list for PBXProject "PicScape" */ = {
			isa = XCConfigurationList;
			buildConfigurations = (
				469D2185233BDDB30011A5AF /* Debug */,
				469D2186233BDDB30011A5AF /* Release */,
			);
			defaultConfigurationIsVisible = 0;
			defaultConfigurationName = Release;
		};
		469D2187233BDDB30011A5AF /* Build configuration list for PBXNativeTarget "PicScape" */ = {
			isa = XCConfigurationList;
			buildConfigurations = (
				469D2188233BDDB30011A5AF /* Debug */,
				469D2189233BDDB30011A5AF /* Release */,
			);
			defaultConfigurationIsVisible = 0;
			defaultConfigurationName = Release;
		};
/* End XCConfigurationList section */

/* Begin XCRemoteSwiftPackageReference section */
		46649E232381E14A00755042 /* XCRemoteSwiftPackageReference "WaterfallGrid" */ = {
			isa = XCRemoteSwiftPackageReference;
			repositoryURL = "https://github.com/paololeonardi/WaterfallGrid.git";
			requirement = {
				kind = upToNextMajorVersion;
				minimumVersion = 0.3.1;
			};
		};
		46BABFDA239452BD00507033 /* XCRemoteSwiftPackageReference "Alamofire" */ = {
			isa = XCRemoteSwiftPackageReference;
			repositoryURL = "https://github.com/Alamofire/Alamofire.git";
			requirement = {
				kind = exactVersion;
				version = "5.0.0-rc.3";
			};
		};
/* End XCRemoteSwiftPackageReference section */

/* Begin XCSwiftPackageProductDependency section */
		46649E242381E14A00755042 /* WaterfallGrid */ = {
			isa = XCSwiftPackageProductDependency;
			package = 46649E232381E14A00755042 /* XCRemoteSwiftPackageReference "WaterfallGrid" */;
			productName = WaterfallGrid;
		};
		46BABFDB239452BD00507033 /* Alamofire */ = {
			isa = XCSwiftPackageProductDependency;
			package = 46BABFDA239452BD00507033 /* XCRemoteSwiftPackageReference "Alamofire" */;
			productName = Alamofire;
		};
/* End XCSwiftPackageProductDependency section */
	};
	rootObject = 469D216B233BDDB10011A5AF /* Project object */;
}
